// !$*UTF8*$!
{
	archiveVersion = 1;
	classes = {
	};
	objectVersion = 56;
	objects = {

/* Begin PBXBuildFile section */
		40F6FB4E4AB94B6FB39FB0E1 /* ShortyApp.swift in Sources */ = {isa = PBXBuildFile; fileRef = D30FE8C795B24F0B8178830F /* ShortyApp.swift */; };
		0889DDC9508649E9ABF3BDAF /* DukeTheme.swift in Sources */ = {isa = PBXBuildFile; fileRef = 01A52334E57147499440724A /* DukeTheme.swift */; };
		368C98739A6E4641AFEC8365 /* Purpose.swift in Sources */ = {isa = PBXBuildFile; fileRef = F7BA789ABB25411187F786E1 /* Purpose.swift */; };
		285426FADEDB459AAA986B95 /* RentalOffer.swift in Sources */ = {isa = PBXBuildFile; fileRef = 88D1B5ABBB66402EB4A4A9B1 /* RentalOffer.swift */; };
		A4C3621634DC41CE8317604A /* RoomStatus.swift in Sources */ = {isa = PBXBuildFile; fileRef = 61296481068C471A8AF28B33 /* RoomStatus.swift */; };
		A6A6A1FEA6994631A69942B0 /* ScheduleBlock.swift in Sources */ = {isa = PBXBuildFile; fileRef = B25CFA8C994446918A63AE9E /* ScheduleBlock.swift */; };
		BAF765F0727D40ABADAD507F /* Profile.swift in Sources */ = {isa = PBXBuildFile; fileRef = 45CEB3D0B5D841658E966055 /* Profile.swift */; };
		8065E6A7ECE141BFA04DD72E /* StandingArrangement.swift in Sources */ = {isa = PBXBuildFile; fileRef = 455DA1B044514638A56FBC2E /* StandingArrangement.swift */; };
		54973F22C7EC438BA775C840 /* PaymentHandle.swift in Sources */ = {isa = PBXBuildFile; fileRef = 9E8D1C9E4CAA400C89685581 /* PaymentHandle.swift */; };
		DDF461B845CC4FFE9941FC1B /* LegalLinks.swift in Sources */ = {isa = PBXBuildFile; fileRef = CAE66136B70C477ABB6EB286 /* LegalLinks.swift */; };
		06FE07986168440DBE416C96 /* CloudKitManager.swift in Sources */ = {isa = PBXBuildFile; fileRef = AB57555152E34395B96F8887 /* CloudKitManager.swift */; };
		7F6F274A612A4FCE98D08BA5 /* CloudSharingView.swift in Sources */ = {isa = PBXBuildFile; fileRef = F4106DA4D9CA47958BEFDB3B /* CloudSharingView.swift */; };
		C6D703D323CA4CAEB4F999B6 /* OfferStore.swift in Sources */ = {isa = PBXBuildFile; fileRef = 3B5703A822134FA682DD19F8 /* OfferStore.swift */; };
		7F54F2A0DC5E4FA888338E2B /* ScheduleStore.swift in Sources */ = {isa = PBXBuildFile; fileRef = 6772F601180C4C398CEB6342 /* ScheduleStore.swift */; };
		EF3B50FC4AC04EDA944F0AB2 /* ProfileStore.swift in Sources */ = {isa = PBXBuildFile; fileRef = B0C58BF0BEB34243BC216306 /* ProfileStore.swift */; };
		B44883389EB54A4D82F724CF /* ScheduleImportService.swift in Sources */ = {isa = PBXBuildFile; fileRef = F1EF84E171CC405C84ACA1F6 /* ScheduleImportService.swift */; };
		28A526AEFB6145039B97905F /* CalendarImportService.swift in Sources */ = {isa = PBXBuildFile; fileRef = 067D00465D494059AEADB3CD /* CalendarImportService.swift */; };
		B2CCFB4918854EA49ADCE5D2 /* SmartScheduleImportService.swift in Sources */ = {isa = PBXBuildFile; fileRef = 9BF8699E3E734900A11BD568 /* SmartScheduleImportService.swift */; };
		CB4AAFBA917D4E768C4AC795 /* Secrets.swift in Sources */ = {isa = PBXBuildFile; fileRef = 53351C4EF4BD4CF18244C1C9 /* Secrets.swift */; };
		50BF292F3A9E4617A7D0FC49 /* StandingArrangementStore.swift in Sources */ = {isa = PBXBuildFile; fileRef = BE0C345F314B481F8219A4AF /* StandingArrangementStore.swift */; };
		D974842B0ECB40BAA4A98567 /* NotificationService.swift in Sources */ = {isa = PBXBuildFile; fileRef = 1B42A5BE2E264CF9B445A854 /* NotificationService.swift */; };
		19A29E7EE2434CA6B7CFAC3B /* SubscriptionStore.swift in Sources */ = {isa = PBXBuildFile; fileRef = 548104D2904145F3B170EB3D /* SubscriptionStore.swift */; };
		D0D110922A884B2DBE4A5AE6 /* Haptics.swift in Sources */ = {isa = PBXBuildFile; fileRef = ED49DBC5B2364AC1A1E7AA68 /* Haptics.swift */; };
		06E1186D1F32426E99113DC5 /* ToastCenter.swift in Sources */ = {isa = PBXBuildFile; fileRef = 8706FEF6C48B4C4DB8FAAD53 /* ToastCenter.swift */; };
		EBDC8B9C97104511AA023F57 /* PaymentHandleStore.swift in Sources */ = {isa = PBXBuildFile; fileRef = DD44074107BF496DAF6EAED2 /* PaymentHandleStore.swift */; };
		C1DA6144074A4C4E9BA95D6B /* RootView.swift in Sources */ = {isa = PBXBuildFile; fileRef = 7CF0F68CED604C4BA601592B /* RootView.swift */; };
		565C708EDD1343709F12AD7D /* WelcomeView.swift in Sources */ = {isa = PBXBuildFile; fileRef = 9AAD97FBEDEE47E4ACF806F4 /* WelcomeView.swift */; };
		49ADDE5439D0413C9D3757CF /* HomeView.swift in Sources */ = {isa = PBXBuildFile; fileRef = 2AEFF6B6E398436E93E4B59A /* HomeView.swift */; };
		863FB25ECEB54A8AB2B6FA12 /* RoomStatusCard.swift in Sources */ = {isa = PBXBuildFile; fileRef = 2F025E6365784ADB97268D65 /* RoomStatusCard.swift */; };
		1D2636ECEDE740ABB5DBB763 /* CountdownTimerView.swift in Sources */ = {isa = PBXBuildFile; fileRef = 93731EEC86B545A19A53CFFF /* CountdownTimerView.swift */; };
		877A169B00CD41749AF1F818 /* NewOfferView.swift in Sources */ = {isa = PBXBuildFile; fileRef = 4D81817B824C413EAF86C4F4 /* NewOfferView.swift */; };
		92DBA41C2A0548F68305D062 /* OfferDetailView.swift in Sources */ = {isa = PBXBuildFile; fileRef = F5078E7731AA4843AAA9C1BE /* OfferDetailView.swift */; };
		4C69153F0ACB4F4F8132CB66 /* OfferRowView.swift in Sources */ = {isa = PBXBuildFile; fileRef = F8B670FCD9334E33AF41F617 /* OfferRowView.swift */; };
		906FEFB5B2D1437DA657219A /* OffersListView.swift in Sources */ = {isa = PBXBuildFile; fileRef = E221653E71FB4917AE6DD1F0 /* OffersListView.swift */; };
		69F4A468513C45E69BFD3A34 /* ScheduleView.swift in Sources */ = {isa = PBXBuildFile; fileRef = 2189B2E78E7F437DB0A102BA /* ScheduleView.swift */; };
		146C694D28984EA0B0E09D53 /* AddScheduleBlockView.swift in Sources */ = {isa = PBXBuildFile; fileRef = E1662A836FCC4A77BEDCB7F3 /* AddScheduleBlockView.swift */; };
		E6F99977DECD405F926B2228 /* CameraCaptureView.swift in Sources */ = {isa = PBXBuildFile; fileRef = EA62B1065D344B6EA0A6BD99 /* CameraCaptureView.swift */; };
		4BEB7FB0BA1A406E8DDD84EC /* ImportScheduleView.swift in Sources */ = {isa = PBXBuildFile; fileRef = 113E8CC4B0BA479685520C0B /* ImportScheduleView.swift */; };
		A0087D47B0FD49DE9F25B0BF /* ProposeStandingArrangementView.swift in Sources */ = {isa = PBXBuildFile; fileRef = 4545CA1D220748A5B9928119 /* ProposeStandingArrangementView.swift */; };
		0A83D00F6921457FA1097803 /* SettingsView.swift in Sources */ = {isa = PBXBuildFile; fileRef = 6AA50AFF411C4CC89DA60E09 /* SettingsView.swift */; };
		15F4F2DFC2E44BB3B929BFC6 /* HowItWorksView.swift in Sources */ = {isa = PBXBuildFile; fileRef = F0DDEAA32DE946228B55894E /* HowItWorksView.swift */; };
		48E7AE0AFE4B41CBBA0FC3B4 /* SubscriptionView.swift in Sources */ = {isa = PBXBuildFile; fileRef = 2FCB9F8788AC4EE5A451C377 /* SubscriptionView.swift */; };
		CF9EEE49732549AD94CB334C /* PrimaryButton.swift in Sources */ = {isa = PBXBuildFile; fileRef = 189310D337064BA1884780D8 /* PrimaryButton.swift */; };
		CAAEDDF958EB4244BAC77F25 /* PurposeChip.swift in Sources */ = {isa = PBXBuildFile; fileRef = 5D00C3A9FF4E4AE18C049CF5 /* PurposeChip.swift */; };
		C79B3F39B8B540BEB8BEA6A0 /* SectionHeader.swift in Sources */ = {isa = PBXBuildFile; fileRef = 6E26A1B42159443FA8FF322A /* SectionHeader.swift */; };
		CDF2D763E9D542008A6B32E4 /* ToastModifier.swift in Sources */ = {isa = PBXBuildFile; fileRef = B4E26865AC334D4E83A11F34 /* ToastModifier.swift */; };
		0A0B8CFA816F4BA994FE907A /* Assets.xcassets in Resources */ = {isa = PBXBuildFile; fileRef = 119981E6BFF6468C8C811B94 /* Assets.xcassets */; };
/* End PBXBuildFile section */

/* Begin PBXFileReference section */
		D30FE8C795B24F0B8178830F /* ShortyApp.swift */ = {isa = PBXFileReference; lastKnownFileType = sourcecode.swift; path = ShortyApp.swift; sourceTree = "<group>"; };
		01A52334E57147499440724A /* DukeTheme.swift */ = {isa = PBXFileReference; lastKnownFileType = sourcecode.swift; path = DukeTheme.swift; sourceTree = "<group>"; };
		F7BA789ABB25411187F786E1 /* Purpose.swift */ = {isa = PBXFileReference; lastKnownFileType = sourcecode.swift; path = Purpose.swift; sourceTree = "<group>"; };
		88D1B5ABBB66402EB4A4A9B1 /* RentalOffer.swift */ = {isa = PBXFileReference; lastKnownFileType = sourcecode.swift; path = RentalOffer.swift; sourceTree = "<group>"; };
		61296481068C471A8AF28B33 /* RoomStatus.swift */ = {isa = PBXFileReference; lastKnownFileType = sourcecode.swift; path = RoomStatus.swift; sourceTree = "<group>"; };
		B25CFA8C994446918A63AE9E /* ScheduleBlock.swift */ = {isa = PBXFileReference; lastKnownFileType = sourcecode.swift; path = ScheduleBlock.swift; sourceTree = "<group>"; };
		45CEB3D0B5D841658E966055 /* Profile.swift */ = {isa = PBXFileReference; lastKnownFileType = sourcecode.swift; path = Profile.swift; sourceTree = "<group>"; };
		455DA1B044514638A56FBC2E /* StandingArrangement.swift */ = {isa = PBXFileReference; lastKnownFileType = sourcecode.swift; path = StandingArrangement.swift; sourceTree = "<group>"; };
		9E8D1C9E4CAA400C89685581 /* PaymentHandle.swift */ = {isa = PBXFileReference; lastKnownFileType = sourcecode.swift; path = PaymentHandle.swift; sourceTree = "<group>"; };
		CAE66136B70C477ABB6EB286 /* LegalLinks.swift */ = {isa = PBXFileReference; lastKnownFileType = sourcecode.swift; path = LegalLinks.swift; sourceTree = "<group>"; };
		AB57555152E34395B96F8887 /* CloudKitManager.swift */ = {isa = PBXFileReference; lastKnownFileType = sourcecode.swift; path = CloudKitManager.swift; sourceTree = "<group>"; };
		F4106DA4D9CA47958BEFDB3B /* CloudSharingView.swift */ = {isa = PBXFileReference; lastKnownFileType = sourcecode.swift; path = CloudSharingView.swift; sourceTree = "<group>"; };
		3B5703A822134FA682DD19F8 /* OfferStore.swift */ = {isa = PBXFileReference; lastKnownFileType = sourcecode.swift; path = OfferStore.swift; sourceTree = "<group>"; };
		6772F601180C4C398CEB6342 /* ScheduleStore.swift */ = {isa = PBXFileReference; lastKnownFileType = sourcecode.swift; path = ScheduleStore.swift; sourceTree = "<group>"; };
		B0C58BF0BEB34243BC216306 /* ProfileStore.swift */ = {isa = PBXFileReference; lastKnownFileType = sourcecode.swift; path = ProfileStore.swift; sourceTree = "<group>"; };
		F1EF84E171CC405C84ACA1F6 /* ScheduleImportService.swift */ = {isa = PBXFileReference; lastKnownFileType = sourcecode.swift; path = ScheduleImportService.swift; sourceTree = "<group>"; };
		067D00465D494059AEADB3CD /* CalendarImportService.swift */ = {isa = PBXFileReference; lastKnownFileType = sourcecode.swift; path = CalendarImportService.swift; sourceTree = "<group>"; };
		9BF8699E3E734900A11BD568 /* SmartScheduleImportService.swift */ = {isa = PBXFileReference; lastKnownFileType = sourcecode.swift; path = SmartScheduleImportService.swift; sourceTree = "<group>"; };
		53351C4EF4BD4CF18244C1C9 /* Secrets.swift */ = {isa = PBXFileReference; lastKnownFileType = sourcecode.swift; path = Secrets.swift; sourceTree = "<group>"; };
		BE0C345F314B481F8219A4AF /* StandingArrangementStore.swift */ = {isa = PBXFileReference; lastKnownFileType = sourcecode.swift; path = StandingArrangementStore.swift; sourceTree = "<group>"; };
		1B42A5BE2E264CF9B445A854 /* NotificationService.swift */ = {isa = PBXFileReference; lastKnownFileType = sourcecode.swift; path = NotificationService.swift; sourceTree = "<group>"; };
		548104D2904145F3B170EB3D /* SubscriptionStore.swift */ = {isa = PBXFileReference; lastKnownFileType = sourcecode.swift; path = SubscriptionStore.swift; sourceTree = "<group>"; };
		ED49DBC5B2364AC1A1E7AA68 /* Haptics.swift */ = {isa = PBXFileReference; lastKnownFileType = sourcecode.swift; path = Haptics.swift; sourceTree = "<group>"; };
		8706FEF6C48B4C4DB8FAAD53 /* ToastCenter.swift */ = {isa = PBXFileReference; lastKnownFileType = sourcecode.swift; path = ToastCenter.swift; sourceTree = "<group>"; };
		DD44074107BF496DAF6EAED2 /* PaymentHandleStore.swift */ = {isa = PBXFileReference; lastKnownFileType = sourcecode.swift; path = PaymentHandleStore.swift; sourceTree = "<group>"; };
		7CF0F68CED604C4BA601592B /* RootView.swift */ = {isa = PBXFileReference; lastKnownFileType = sourcecode.swift; path = RootView.swift; sourceTree = "<group>"; };
		9AAD97FBEDEE47E4ACF806F4 /* WelcomeView.swift */ = {isa = PBXFileReference; lastKnownFileType = sourcecode.swift; path = WelcomeView.swift; sourceTree = "<group>"; };
		2AEFF6B6E398436E93E4B59A /* HomeView.swift */ = {isa = PBXFileReference; lastKnownFileType = sourcecode.swift; path = HomeView.swift; sourceTree = "<group>"; };
		2F025E6365784ADB97268D65 /* RoomStatusCard.swift */ = {isa = PBXFileReference; lastKnownFileType = sourcecode.swift; path = RoomStatusCard.swift; sourceTree = "<group>"; };
		93731EEC86B545A19A53CFFF /* CountdownTimerView.swift */ = {isa = PBXFileReference; lastKnownFileType = sourcecode.swift; path = CountdownTimerView.swift; sourceTree = "<group>"; };
		4D81817B824C413EAF86C4F4 /* NewOfferView.swift */ = {isa = PBXFileReference; lastKnownFileType = sourcecode.swift; path = NewOfferView.swift; sourceTree = "<group>"; };
		F5078E7731AA4843AAA9C1BE /* OfferDetailView.swift */ = {isa = PBXFileReference; lastKnownFileType = sourcecode.swift; path = OfferDetailView.swift; sourceTree = "<group>"; };
		F8B670FCD9334E33AF41F617 /* OfferRowView.swift */ = {isa = PBXFileReference; lastKnownFileType = sourcecode.swift; path = OfferRowView.swift; sourceTree = "<group>"; };
		E221653E71FB4917AE6DD1F0 /* OffersListView.swift */ = {isa = PBXFileReference; lastKnownFileType = sourcecode.swift; path = OffersListView.swift; sourceTree = "<group>"; };
		2189B2E78E7F437DB0A102BA /* ScheduleView.swift */ = {isa = PBXFileReference; lastKnownFileType = sourcecode.swift; path = ScheduleView.swift; sourceTree = "<group>"; };
		E1662A836FCC4A77BEDCB7F3 /* AddScheduleBlockView.swift */ = {isa = PBXFileReference; lastKnownFileType = sourcecode.swift; path = AddScheduleBlockView.swift; sourceTree = "<group>"; };
		EA62B1065D344B6EA0A6BD99 /* CameraCaptureView.swift */ = {isa = PBXFileReference; lastKnownFileType = sourcecode.swift; path = CameraCaptureView.swift; sourceTree = "<group>"; };
		113E8CC4B0BA479685520C0B /* ImportScheduleView.swift */ = {isa = PBXFileReference; lastKnownFileType = sourcecode.swift; path = ImportScheduleView.swift; sourceTree = "<group>"; };
		4545CA1D220748A5B9928119 /* ProposeStandingArrangementView.swift */ = {isa = PBXFileReference; lastKnownFileType = sourcecode.swift; path = ProposeStandingArrangementView.swift; sourceTree = "<group>"; };
		6AA50AFF411C4CC89DA60E09 /* SettingsView.swift */ = {isa = PBXFileReference; lastKnownFileType = sourcecode.swift; path = SettingsView.swift; sourceTree = "<group>"; };
		F0DDEAA32DE946228B55894E /* HowItWorksView.swift */ = {isa = PBXFileReference; lastKnownFileType = sourcecode.swift; path = HowItWorksView.swift; sourceTree = "<group>"; };
		2FCB9F8788AC4EE5A451C377 /* SubscriptionView.swift */ = {isa = PBXFileReference; lastKnownFileType = sourcecode.swift; path = SubscriptionView.swift; sourceTree = "<group>"; };
		189310D337064BA1884780D8 /* PrimaryButton.swift */ = {isa = PBXFileReference; lastKnownFileType = sourcecode.swift; path = PrimaryButton.swift; sourceTree = "<group>"; };
		5D00C3A9FF4E4AE18C049CF5 /* PurposeChip.swift */ = {isa = PBXFileReference; lastKnownFileType = sourcecode.swift; path = PurposeChip.swift; sourceTree = "<group>"; };
		6E26A1B42159443FA8FF322A /* SectionHeader.swift */ = {isa = PBXFileReference; lastKnownFileType = sourcecode.swift; path = SectionHeader.swift; sourceTree = "<group>"; };
		B4E26865AC334D4E83A11F34 /* ToastModifier.swift */ = {isa = PBXFileReference; lastKnownFileType = sourcecode.swift; path = ToastModifier.swift; sourceTree = "<group>"; };
		7D4428C9CC46491FA6E09192 /* Shorty.entitlements */ = {isa = PBXFileReference; lastKnownFileType = text.plist.entitlements; path = Shorty.entitlements; sourceTree = "<group>"; };
		119981E6BFF6468C8C811B94 /* Assets.xcassets */ = {isa = PBXFileReference; lastKnownFileType = folder.assetcatalog; path = Assets.xcassets; sourceTree = "<group>"; };
		7D1A6CB2FEE94ABDAB06822A /* Shorty.app */ = {isa = PBXFileReference; explicitFileType = wrapper.application; includeInIndex = 0; path = Shorty.app; sourceTree = BUILT_PRODUCTS_DIR; };
/* End PBXFileReference section */

/* Begin PBXFrameworksBuildPhase section */
		BF7B83DBAB334E6EBD5BA7BB /* Frameworks */ = {
			isa = PBXFrameworksBuildPhase;
			buildActionMask = 2147483647;
			files = (
			);
			runOnlyForDeploymentPostprocessing = 0;
		};
/* End PBXFrameworksBuildPhase section */

/* Begin PBXGroup section */
		547FC05E334B49B48D4CD376 /* Theme */ = {
			isa = PBXGroup;
			children = (
				01A52334E57147499440724A /* DukeTheme.swift */,
			);
			path = "Theme";
			sourceTree = "<group>";
		};
		C9AC161EB0D7485B9890DBAA /* Models */ = {
			isa = PBXGroup;
			children = (
				F7BA789ABB25411187F786E1 /* Purpose.swift */,
				88D1B5ABBB66402EB4A4A9B1 /* RentalOffer.swift */,
				61296481068C471A8AF28B33 /* RoomStatus.swift */,
				B25CFA8C994446918A63AE9E /* ScheduleBlock.swift */,
				45CEB3D0B5D841658E966055 /* Profile.swift */,
				455DA1B044514638A56FBC2E /* StandingArrangement.swift */,
				9E8D1C9E4CAA400C89685581 /* PaymentHandle.swift */,
				CAE66136B70C477ABB6EB286 /* LegalLinks.swift */,
			);
			path = "Models";
			sourceTree = "<group>";
		};
		438574F7E5AD4CDFA3BEC23F /* Services */ = {
			isa = PBXGroup;
			children = (
				AB57555152E34395B96F8887 /* CloudKitManager.swift */,
				F4106DA4D9CA47958BEFDB3B /* CloudSharingView.swift */,
				3B5703A822134FA682DD19F8 /* OfferStore.swift */,
				6772F601180C4C398CEB6342 /* ScheduleStore.swift */,
				B0C58BF0BEB34243BC216306 /* ProfileStore.swift */,
				F1EF84E171CC405C84ACA1F6 /* ScheduleImportService.swift */,
				067D00465D494059AEADB3CD /* CalendarImportService.swift */,
				9BF8699E3E734900A11BD568 /* SmartScheduleImportService.swift */,
				53351C4EF4BD4CF18244C1C9 /* Secrets.swift */,
				BE0C345F314B481F8219A4AF /* StandingArrangementStore.swift */,
				1B42A5BE2E264CF9B445A854 /* NotificationService.swift */,
				548104D2904145F3B170EB3D /* SubscriptionStore.swift */,
				ED49DBC5B2364AC1A1E7AA68 /* Haptics.swift */,
				8706FEF6C48B4C4DB8FAAD53 /* ToastCenter.swift */,
				DD44074107BF496DAF6EAED2 /* PaymentHandleStore.swift */,
			);
			path = "Services";
			sourceTree = "<group>";
		};
		46617DE9A7384388B450CE31 /* Onboarding */ = {
			isa = PBXGroup;
			children = (
				9AAD97FBEDEE47E4ACF806F4 /* WelcomeView.swift */,
			);
			path = "Onboarding";
			sourceTree = "<group>";
		};
		D32BB2923CF84D65BE5736A4 /* Home */ = {
			isa = PBXGroup;
			children = (
				2AEFF6B6E398436E93E4B59A /* HomeView.swift */,
				2F025E6365784ADB97268D65 /* RoomStatusCard.swift */,
				93731EEC86B545A19A53CFFF /* CountdownTimerView.swift */,
			);
			path = "Home";
			sourceTree = "<group>";
		};
		ED2DB49876BF4860ACE543D6 /* Offers */ = {
			isa = PBXGroup;
			children = (
				4D81817B824C413EAF86C4F4 /* NewOfferView.swift */,
				F5078E7731AA4843AAA9C1BE /* OfferDetailView.swift */,
				F8B670FCD9334E33AF41F617 /* OfferRowView.swift */,
				E221653E71FB4917AE6DD1F0 /* OffersListView.swift */,
			);
			path = "Offers";
			sourceTree = "<group>";
		};
		AFA2A4E1AFF147ABAF52D65B /* Schedule */ = {
			isa = PBXGroup;
			children = (
				2189B2E78E7F437DB0A102BA /* ScheduleView.swift */,
				E1662A836FCC4A77BEDCB7F3 /* AddScheduleBlockView.swift */,
				EA62B1065D344B6EA0A6BD99 /* CameraCaptureView.swift */,
				113E8CC4B0BA479685520C0B /* ImportScheduleView.swift */,
				4545CA1D220748A5B9928119 /* ProposeStandingArrangementView.swift */,
			);
			path = "Schedule";
			sourceTree = "<group>";
		};
		F92C3361BBF143D0BC2E6101 /* Settings */ = {
			isa = PBXGroup;
			children = (
				6AA50AFF411C4CC89DA60E09 /* SettingsView.swift */,
				F0DDEAA32DE946228B55894E /* HowItWorksView.swift */,
				2FCB9F8788AC4EE5A451C377 /* SubscriptionView.swift */,
			);
			path = "Settings";
			sourceTree = "<group>";
		};
		5BAB3C71D3594B19AA489797 /* Components */ = {
			isa = PBXGroup;
			children = (
				189310D337064BA1884780D8 /* PrimaryButton.swift */,
				5D00C3A9FF4E4AE18C049CF5 /* PurposeChip.swift */,
				6E26A1B42159443FA8FF322A /* SectionHeader.swift */,
				B4E26865AC334D4E83A11F34 /* ToastModifier.swift */,
			);
			path = "Components";
			sourceTree = "<group>";
		};
		3F0626D3CECB45A18BB1A03F /* Views */ = {
			isa = PBXGroup;
			children = (
				7CF0F68CED604C4BA601592B /* RootView.swift */,
				46617DE9A7384388B450CE31 /* Onboarding */,
				D32BB2923CF84D65BE5736A4 /* Home */,
				ED2DB49876BF4860ACE543D6 /* Offers */,
				AFA2A4E1AFF147ABAF52D65B /* Schedule */,
				F92C3361BBF143D0BC2E6101 /* Settings */,
				5BAB3C71D3594B19AA489797 /* Components */,
			);
			path = "Views";
			sourceTree = "<group>";
		};
		614715E5F9854991A58AF4F9 /* Shorty */ = {
			isa = PBXGroup;
			children = (
				D30FE8C795B24F0B8178830F /* ShortyApp.swift */,
				547FC05E334B49B48D4CD376 /* Theme */,
				C9AC161EB0D7485B9890DBAA /* Models */,
				438574F7E5AD4CDFA3BEC23F /* Services */,
				3F0626D3CECB45A18BB1A03F /* Views */,
				119981E6BFF6468C8C811B94 /* Assets.xcassets */,
				7D4428C9CC46491FA6E09192 /* Shorty.entitlements */,
			);
			path = "Shorty";
			sourceTree = "<group>";
		};
		5B99F1FD224B469A984CB989 /* Products */ = {
			isa = PBXGroup;
			children = (
				7D1A6CB2FEE94ABDAB06822A /* Shorty.app */,
			);
			sourceTree = "<group>";
		};
		3A8A11BAFF08449398E7205A /* Main */ = {
			isa = PBXGroup;
			children = (
				614715E5F9854991A58AF4F9 /* Shorty */,
				5B99F1FD224B469A984CB989 /* Products */,
			);
			sourceTree = "<group>";
		};
/* End PBXGroup section */

/* Begin PBXNativeTarget section */
		8873E026F15F471F87188B40 /* Shorty */ = {
			isa = PBXNativeTarget;
			buildConfigurationList = 1C5E7CAD4FEE44C8B118920F /* Build configuration list for PBXNativeTarget "Shorty" */;
			buildPhases = (
				1490EDF272C84988A4D5A55D /* Sources */,
				BF7B83DBAB334E6EBD5BA7BB /* Frameworks */,
				2226B0F8F4AA4316A0E1CE90 /* Resources */,
			);
			buildRules = (
			);
			dependencies = (
			);
			name = Shorty;
			productName = Shorty;
			productReference = 7D1A6CB2FEE94ABDAB06822A /* Shorty.app */;
			productType = "com.apple.product-type.application";
		};
/* End PBXNativeTarget section */

/* Begin PBXProject section */
		E8BCD683DF024DFC8393950A /* Project object */ = {
			isa = PBXProject;
			attributes = {
				BuildIndependentTargetsInParallel = 1;
				LastSwiftUpdateCheck = 1600;
				LastUpgradeCheck = 1600;
				TargetAttributes = {
					8873E026F15F471F87188B40 = {
						CreatedOnToolsVersion = 16.0;
					};
				};
			};
			buildConfigurationList = B56AE66E3620453287DA7C1E /* Build configuration list for PBXProject "Shorty" */;
			compatibilityVersion = "Xcode 14.0";
			developmentRegion = en;
			hasScannedForEncodings = 0;
			knownRegions = (
				en,
				Base,
			);
			mainGroup = 3A8A11BAFF08449398E7205A;
			productRefGroup = 5B99F1FD224B469A984CB989 /* Products */;
			projectDirPath = "";
			projectRoot = "";
			targets = (
				8873E026F15F471F87188B40 /* Shorty */,
			);
		};
/* End PBXProject section */

/* Begin PBXResourcesBuildPhase section */
		2226B0F8F4AA4316A0E1CE90 /* Resources */ = {
			isa = PBXResourcesBuildPhase;
			buildActionMask = 2147483647;
			files = (
				0A0B8CFA816F4BA994FE907A /* Assets.xcassets in Resources */,
			);
			runOnlyForDeploymentPostprocessing = 0;
		};
/* End PBXResourcesBuildPhase section */

/* Begin PBXSourcesBuildPhase section */
		1490EDF272C84988A4D5A55D /* Sources */ = {
			isa = PBXSourcesBuildPhase;
			buildActionMask = 2147483647;
			files = (
				40F6FB4E4AB94B6FB39FB0E1 /* ShortyApp.swift in Sources */,
				0889DDC9508649E9ABF3BDAF /* DukeTheme.swift in Sources */,
				368C98739A6E4641AFEC8365 /* Purpose.swift in Sources */,
				285426FADEDB459AAA986B95 /* RentalOffer.swift in Sources */,
				A4C3621634DC41CE8317604A /* RoomStatus.swift in Sources */,
				A6A6A1FEA6994631A69942B0 /* ScheduleBlock.swift in Sources */,
				BAF765F0727D40ABADAD507F /* Profile.swift in Sources */,
				8065E6A7ECE141BFA04DD72E /* StandingArrangement.swift in Sources */,
				54973F22C7EC438BA775C840 /* PaymentHandle.swift in Sources */,
				DDF461B845CC4FFE9941FC1B /* LegalLinks.swift in Sources */,
				06FE07986168440DBE416C96 /* CloudKitManager.swift in Sources */,
				7F6F274A612A4FCE98D08BA5 /* CloudSharingView.swift in Sources */,
				C6D703D323CA4CAEB4F999B6 /* OfferStore.swift in Sources */,
				7F54F2A0DC5E4FA888338E2B /* ScheduleStore.swift in Sources */,
				EF3B50FC4AC04EDA944F0AB2 /* ProfileStore.swift in Sources */,
				B44883389EB54A4D82F724CF /* ScheduleImportService.swift in Sources */,
				28A526AEFB6145039B97905F /* CalendarImportService.swift in Sources */,
				B2CCFB4918854EA49ADCE5D2 /* SmartScheduleImportService.swift in Sources */,
				CB4AAFBA917D4E768C4AC795 /* Secrets.swift in Sources */,
				50BF292F3A9E4617A7D0FC49 /* StandingArrangementStore.swift in Sources */,
				D974842B0ECB40BAA4A98567 /* NotificationService.swift in Sources */,
				19A29E7EE2434CA6B7CFAC3B /* SubscriptionStore.swift in Sources */,
				D0D110922A884B2DBE4A5AE6 /* Haptics.swift in Sources */,
				06E1186D1F32426E99113DC5 /* ToastCenter.swift in Sources */,
				EBDC8B9C97104511AA023F57 /* PaymentHandleStore.swift in Sources */,
				C1DA6144074A4C4E9BA95D6B /* RootView.swift in Sources */,
				565C708EDD1343709F12AD7D /* WelcomeView.swift in Sources */,
				49ADDE5439D0413C9D3757CF /* HomeView.swift in Sources */,
				863FB25ECEB54A8AB2B6FA12 /* RoomStatusCard.swift in Sources */,
				1D2636ECEDE740ABB5DBB763 /* CountdownTimerView.swift in Sources */,
				877A169B00CD41749AF1F818 /* NewOfferView.swift in Sources */,
				92DBA41C2A0548F68305D062 /* OfferDetailView.swift in Sources */,
				4C69153F0ACB4F4F8132CB66 /* OfferRowView.swift in Sources */,
				906FEFB5B2D1437DA657219A /* OffersListView.swift in Sources */,
				69F4A468513C45E69BFD3A34 /* ScheduleView.swift in Sources */,
				146C694D28984EA0B0E09D53 /* AddScheduleBlockView.swift in Sources */,
				E6F99977DECD405F926B2228 /* CameraCaptureView.swift in Sources */,
				4BEB7FB0BA1A406E8DDD84EC /* ImportScheduleView.swift in Sources */,
				A0087D47B0FD49DE9F25B0BF /* ProposeStandingArrangementView.swift in Sources */,
				0A83D00F6921457FA1097803 /* SettingsView.swift in Sources */,
				15F4F2DFC2E44BB3B929BFC6 /* HowItWorksView.swift in Sources */,
				48E7AE0AFE4B41CBBA0FC3B4 /* SubscriptionView.swift in Sources */,
				CF9EEE49732549AD94CB334C /* PrimaryButton.swift in Sources */,
				CAAEDDF958EB4244BAC77F25 /* PurposeChip.swift in Sources */,
				C79B3F39B8B540BEB8BEA6A0 /* SectionHeader.swift in Sources */,
				CDF2D763E9D542008A6B32E4 /* ToastModifier.swift in Sources */,
			);
			runOnlyForDeploymentPostprocessing = 0;
		};
/* End PBXSourcesBuildPhase section */

/* Begin XCBuildConfiguration section */
		30334975A27B4A9683681840 /* Debug */ = {
			isa = XCBuildConfiguration;
			buildSettings = {
				ALWAYS_SEARCH_USER_PATHS = NO;
				CLANG_ANALYZER_NONNULL = YES;
				CLANG_ANALYZER_NUMBER_OBJECT_CONVERSION = YES_AGGRESSIVE;
				CLANG_CXX_LANGUAGE_STANDARD = "gnu++20";
				CLANG_ENABLE_MODULES = YES;
				CLANG_ENABLE_OBJC_ARC = YES;
				CLANG_ENABLE_OBJC_WEAK = YES;
				CLANG_WARN_BLOCK_CAPTURE_AUTORELEASING = YES;
				CLANG_WARN_BOOL_CONVERSION = YES;
				CLANG_WARN_COMMA = YES;
				CLANG_WARN_CONSTANT_CONVERSION = YES;
				CLANG_WARN_DEPRECATED_OBJC_IMPLEMENTATIONS = YES;
				CLANG_WARN_DIRECT_OBJC_ISA_USAGE = YES_ERROR;
				CLANG_WARN_DOCUMENTATION_COMMENTS = YES;
				CLANG_WARN_EMPTY_BODY = YES;
				CLANG_WARN_ENUM_CONVERSION = YES;
				CLANG_WARN_INFINITE_RECURSION = YES;
				CLANG_WARN_INT_CONVERSION = YES;
				CLANG_WARN_NON_LITERAL_NULL_CONVERSION = YES;
				CLANG_WARN_OBJC_IMPLICIT_RETAIN_SELF = YES;
				CLANG_WARN_OBJC_LITERAL_CONVERSION = YES;
				CLANG_WARN_OBJC_ROOT_CLASS = YES_ERROR;
				CLANG_WARN_QUOTED_INCLUDE_IN_FRAMEWORK_HEADER = YES;
				CLANG_WARN_RANGE_LOOP_ANALYSIS = YES;
				CLANG_WARN_STRICT_PROTOTYPES = YES;
				CLANG_WARN_SUSPICIOUS_MOVE = YES;
				CLANG_WARN_UNGUARDED_AVAILABILITY = YES_AGGRESSIVE;
				CLANG_WARN_UNREACHABLE_CODE = YES;
				CLANG_WARN__DUPLICATE_METHOD_MATCH = YES;
				COPY_PHASE_STRIP = NO;
				DEBUG_INFORMATION_FORMAT = dwarf;
				ENABLE_STRICT_OBJC_MSGSEND = YES;
				ENABLE_TESTABILITY = YES;
				ENABLE_USER_SCRIPT_SANDBOXING = YES;
				GCC_C_LANGUAGE_STANDARD = gnu17;
				GCC_DYNAMIC_NO_PIC = NO;
				GCC_NO_COMMON_BLOCKS = YES;
				GCC_OPTIMIZATION_LEVEL = 0;
				GCC_PREPROCESSOR_DEFINITIONS = (
					"DEBUG=1",
					"$(inherited)",
				);
				GCC_WARN_64_TO_32_BIT_CONVERSION = YES;
				GCC_WARN_ABOUT_RETURN_TYPE = YES_ERROR;
				GCC_WARN_UNDECLARED_SELECTOR = YES;
				GCC_WARN_UNINITIALIZED_AUTOS = YES_AGGRESSIVE;
				GCC_WARN_UNUSED_FUNCTION = YES;
				GCC_WARN_UNUSED_VARIABLE = YES;
				IPHONEOS_DEPLOYMENT_TARGET = 17.0;
				MTL_ENABLE_DEBUG_INFO = INCLUDE_SOURCE;
				MTL_FAST_MATH = YES;
				ONLY_ACTIVE_ARCH = YES;
				SDKROOT = iphoneos;
				SWIFT_ACTIVE_COMPILATION_CONDITIONS = "DEBUG $(inherited)";
				SWIFT_OPTIMIZATION_LEVEL = "-Onone";
			};
			name = Debug;
		};
		C5A1C980C5DB4852A07323D1 /* Release */ = {
			isa = XCBuildConfiguration;
			buildSettings = {
				ALWAYS_SEARCH_USER_PATHS = NO;
				CLANG_ANALYZER_NONNULL = YES;
				CLANG_ANALYZER_NUMBER_OBJECT_CONVERSION = YES_AGGRESSIVE;
				CLANG_CXX_LANGUAGE_STANDARD = "gnu++20";
				CLANG_ENABLE_MODULES = YES;
				CLANG_ENABLE_OBJC_ARC = YES;
				CLANG_ENABLE_OBJC_WEAK = YES;
				CLANG_WARN_BLOCK_CAPTURE_AUTORELEASING = YES;
				CLANG_WARN_BOOL_CONVERSION = YES;
				CLANG_WARN_COMMA = YES;
				CLANG_WARN_CONSTANT_CONVERSION = YES;
				CLANG_WARN_DEPRECATED_OBJC_IMPLEMENTATIONS = YES;
				CLANG_WARN_DIRECT_OBJC_ISA_USAGE = YES_ERROR;
				CLANG_WARN_DOCUMENTATION_COMMENTS = YES;
				CLANG_WARN_EMPTY_BODY = YES;
				CLANG_WARN_ENUM_CONVERSION = YES;
				CLANG_WARN_INFINITE_RECURSION = YES;
				CLANG_WARN_INT_CONVERSION = YES;
				CLANG_WARN_NON_LITERAL_NULL_CONVERSION = YES;
				CLANG_WARN_OBJC_IMPLICIT_RETAIN_SELF = YES;
				CLANG_WARN_OBJC_LITERAL_CONVERSION = YES;
				CLANG_WARN_OBJC_ROOT_CLASS = YES_ERROR;
				CLANG_WARN_QUOTED_INCLUDE_IN_FRAMEWORK_HEADER = YES;
				CLANG_WARN_RANGE_LOOP_ANALYSIS = YES;
				CLANG_WARN_STRICT_PROTOTYPES = YES;
				CLANG_WARN_SUSPICIOUS_MOVE = YES;
				CLANG_WARN_UNGUARDED_AVAILABILITY = YES_AGGRESSIVE;
				CLANG_WARN_UNREACHABLE_CODE = YES;
				CLANG_WARN__DUPLICATE_METHOD_MATCH = YES;
				COPY_PHASE_STRIP = NO;
				DEBUG_INFORMATION_FORMAT = "dwarf-with-dsym";
				ENABLE_NS_ASSERTIONS = NO;
				ENABLE_STRICT_OBJC_MSGSEND = YES;
				ENABLE_USER_SCRIPT_SANDBOXING = YES;
				GCC_C_LANGUAGE_STANDARD = gnu17;
				GCC_NO_COMMON_BLOCKS = YES;
				GCC_WARN_64_TO_32_BIT_CONVERSION = YES;
				GCC_WARN_ABOUT_RETURN_TYPE = YES_ERROR;
				GCC_WARN_UNDECLARED_SELECTOR = YES;
				GCC_WARN_UNINITIALIZED_AUTOS = YES_AGGRESSIVE;
				GCC_WARN_UNUSED_FUNCTION = YES;
				GCC_WARN_UNUSED_VARIABLE = YES;
				IPHONEOS_DEPLOYMENT_TARGET = 17.0;
				MTL_ENABLE_DEBUG_INFO = NO;
				MTL_FAST_MATH = YES;
				SDKROOT = iphoneos;
				SWIFT_COMPILATION_MODE = wholemodule;
				VALIDATE_PRODUCT = YES;
			};
			name = Release;
		};
		164A35A8F46940ED8F23AB03 /* Debug */ = {
			isa = XCBuildConfiguration;
			buildSettings = {
				ASSETCATALOG_COMPILER_APPICON_NAME = AppIcon;
				ASSETCATALOG_COMPILER_GLOBAL_ACCENT_COLOR_NAME = AccentColor;
				CODE_SIGN_ENTITLEMENTS = Shorty/Shorty.entitlements;
				CODE_SIGN_STYLE = Automatic;
				CURRENT_PROJECT_VERSION = 1;
				DEVELOPMENT_TEAM = "";
				GENERATE_INFOPLIST_FILE = YES;
				INFOPLIST_KEY_CFBundleDisplayName = Shorty;
				INFOPLIST_KEY_CKSharingSupported = YES;
				INFOPLIST_KEY_NSCalendarsFullAccessUsageDescription = "Shorty can read your calendar's repeating events (like classes) to fill in your schedule automatically. Nothing is uploaded -- imported events are only saved as schedule blocks after you review and confirm them.";
				INFOPLIST_KEY_NSCameraUsageDescription = "Shorty uses your camera to scan a photo of your class schedule so your roommate can see when you're around.";
				INFOPLIST_KEY_UIApplicationSceneManifest_Generation = YES;
				INFOPLIST_KEY_UILaunchScreen_Generation = YES;
				INFOPLIST_KEY_UISupportedInterfaceOrientations = UIInterfaceOrientationPortrait;
				INFOPLIST_KEY_UISupportedInterfaceOrientations_iPad = "UIInterfaceOrientationPortrait UIInterfaceOrientationPortraitUpsideDown UIInterfaceOrientationLandscapeLeft UIInterfaceOrientationLandscapeRight";
				IPHONEOS_DEPLOYMENT_TARGET = 17.0;
				MARKETING_VERSION = 1.0;
				PRODUCT_BUNDLE_IDENTIFIER = com.fdonoghue.shorty;
				PRODUCT_NAME = "$(TARGET_NAME)";
				SWIFT_EMIT_LOC_STRINGS = YES;
				SWIFT_VERSION = 5.0;
				TARGETED_DEVICE_FAMILY = "1,2";
				SWIFT_ACTIVE_COMPILATION_CONDITIONS = "DEBUG $(inherited)";
				SWIFT_OPTIMIZATION_LEVEL = "-Onone";
			};
			name = Debug;
		};
		377D8F5C269E4CC9A5817387 /* Release */ = {
			isa = XCBuildConfiguration;
			buildSettings = {
				ASSETCATALOG_COMPILER_APPICON_NAME = AppIcon;
				ASSETCATALOG_COMPILER_GLOBAL_ACCENT_COLOR_NAME = AccentColor;
				CODE_SIGN_ENTITLEMENTS = Shorty/Shorty.entitlements;
				CODE_SIGN_STYLE = Automatic;
				CURRENT_PROJECT_VERSION = 1;
				DEVELOPMENT_TEAM = "";
				GENERATE_INFOPLIST_FILE = YES;
				INFOPLIST_KEY_CFBundleDisplayName = Shorty;
				INFOPLIST_KEY_CKSharingSupported = YES;
				INFOPLIST_KEY_NSCalendarsFullAccessUsageDescription = "Shorty can read your calendar's repeating events (like classes) to fill in your schedule automatically. Nothing is uploaded -- imported events are only saved as schedule blocks after you review and confirm them.";
				INFOPLIST_KEY_NSCameraUsageDescription = "Shorty uses your camera to scan a photo of your class schedule so your roommate can see when you're around.";
				INFOPLIST_KEY_UIApplicationSceneManifest_Generation = YES;
				INFOPLIST_KEY_UILaunchScreen_Generation = YES;
				INFOPLIST_KEY_UISupportedInterfaceOrientations = UIInterfaceOrientationPortrait;
				INFOPLIST_KEY_UISupportedInterfaceOrientations_iPad = "UIInterfaceOrientationPortrait UIInterfaceOrientationPortraitUpsideDown UIInterfaceOrientationLandscapeLeft UIInterfaceOrientationLandscapeRight";
				IPHONEOS_DEPLOYMENT_TARGET = 17.0;
				MARKETING_VERSION = 1.0;
				PRODUCT_BUNDLE_IDENTIFIER = com.fdonoghue.shorty;
				PRODUCT_NAME = "$(TARGET_NAME)";
				SWIFT_EMIT_LOC_STRINGS = YES;
				SWIFT_VERSION = 5.0;
				TARGETED_DEVICE_FAMILY = "1,2";
			};
			name = Release;
		};
/* End XCBuildConfiguration section */

/* Begin XCConfigurationList section */
		B56AE66E3620453287DA7C1E /* Build configuration list for PBXProject "Shorty" */ = {
			isa = XCConfigurationList;
			buildConfigurations = (
				30334975A27B4A9683681840 /* Debug */,
				C5A1C980C5DB4852A07323D1 /* Release */,
			);
			defaultConfigurationIsVisible = 0;
			defaultConfigurationName = Release;
		};
		1C5E7CAD4FEE44C8B118920F /* Build configuration list for PBXNativeTarget "Shorty" */ = {
			isa = XCConfigurationList;
			buildConfigurations = (
				164A35A8F46940ED8F23AB03 /* Debug */,
				377D8F5C269E4CC9A5817387 /* Release */,
			);
			defaultConfigurationIsVisible = 0;
			defaultConfigurationName = Release;
		};
/* End XCConfigurationList section */

	};
	rootObject = E8BCD683DF024DFC8393950A /* Project object */;
}
