// !$*UTF8*$!
{
	archiveVersion = 1;
	classes = {
	};
	objectVersion = 56;
	objects = {

/* Begin PBXBuildFile section */
		6FC2842FC6FA4808AEC490C3 /* ShortyApp.swift in Sources */ = {isa = PBXBuildFile; fileRef = 518B06C77C294336847BCF6D /* ShortyApp.swift */; };
		6D9C40296BB04999BCC13494 /* DukeTheme.swift in Sources */ = {isa = PBXBuildFile; fileRef = 879068DC9ACD4358B27F6402 /* DukeTheme.swift */; };
		50A17F2CEC6746FD93AE7868 /* Purpose.swift in Sources */ = {isa = PBXBuildFile; fileRef = FEADD8B3C46442BAB227AD6B /* Purpose.swift */; };
		506114CE1CBE46E5BE3A6BCD /* RentalOffer.swift in Sources */ = {isa = PBXBuildFile; fileRef = 891E0D082BB143669BE12CA1 /* RentalOffer.swift */; };
		44F88B7DD5DA4FF6B056A901 /* RoomStatus.swift in Sources */ = {isa = PBXBuildFile; fileRef = 8CE30CFE9EFB40BAA69ACF05 /* RoomStatus.swift */; };
		0CB69EDF0497473589665DD6 /* ScheduleBlock.swift in Sources */ = {isa = PBXBuildFile; fileRef = 4F7303F0F41E4E2D97E343CD /* ScheduleBlock.swift */; };
		0E9D0D3D2A894DF6B3ED4CDA /* Profile.swift in Sources */ = {isa = PBXBuildFile; fileRef = 69A36932959D4E0C92B970B7 /* Profile.swift */; };
		AA66D2BC18C149A4AAAB5F04 /* StandingArrangement.swift in Sources */ = {isa = PBXBuildFile; fileRef = 77D94BE19876440DB61B3458 /* StandingArrangement.swift */; };
		20A1A304210248269DCEE96D /* PaymentHandle.swift in Sources */ = {isa = PBXBuildFile; fileRef = D0C988CF57D94DE9B835FA98 /* PaymentHandle.swift */; };
		3AE718F392164D37985327CE /* LegalLinks.swift in Sources */ = {isa = PBXBuildFile; fileRef = 92E0108A4B474F7482799771 /* LegalLinks.swift */; };
		FAD9B9098EE64586A859AD3D /* CloudKitManager.swift in Sources */ = {isa = PBXBuildFile; fileRef = 0C76D210E9CB45C0B483AF26 /* CloudKitManager.swift */; };
		47B14B7D99984068992A23CF /* CloudSharingView.swift in Sources */ = {isa = PBXBuildFile; fileRef = 111CB18C13764C89B549CF56 /* CloudSharingView.swift */; };
		5FDAD2F4061F462099FA1FEA /* OfferStore.swift in Sources */ = {isa = PBXBuildFile; fileRef = 7099CDEE36714D69ACF77465 /* OfferStore.swift */; };
		982599F6DA2F4AE699B083F2 /* ScheduleStore.swift in Sources */ = {isa = PBXBuildFile; fileRef = 637F7E8E3A7643EEAFF532E5 /* ScheduleStore.swift */; };
		BD5F2B3B2B934E9997738B3E /* ProfileStore.swift in Sources */ = {isa = PBXBuildFile; fileRef = 2CB9C984A46B429EA02A6A4F /* ProfileStore.swift */; };
		5B24F3974CAD40BFA6CF6E92 /* ScheduleImportService.swift in Sources */ = {isa = PBXBuildFile; fileRef = 3A46964592494C91AF98D502 /* ScheduleImportService.swift */; };
		4230CFDC602945D084A0814B /* CalendarImportService.swift in Sources */ = {isa = PBXBuildFile; fileRef = F31B7CB430E9413AACC3D0C7 /* CalendarImportService.swift */; };
		03F64D3632E740C08504DC6A /* StandingArrangementStore.swift in Sources */ = {isa = PBXBuildFile; fileRef = BE2A82E70CB74A8293E1803D /* StandingArrangementStore.swift */; };
		CCEB7E2106AF4D36A7A95E5F /* NotificationService.swift in Sources */ = {isa = PBXBuildFile; fileRef = 4BCAD39D660142088DF1408B /* NotificationService.swift */; };
		8A269269730148149784FB6B /* SubscriptionStore.swift in Sources */ = {isa = PBXBuildFile; fileRef = 6DE44D146F8F4DD68A7A1534 /* SubscriptionStore.swift */; };
		D987D4BFE0BB42B9BFB65657 /* Haptics.swift in Sources */ = {isa = PBXBuildFile; fileRef = 8FABC3D3AF444F8B94A4A763 /* Haptics.swift */; };
		E375B829035949B8BBD2C978 /* ToastCenter.swift in Sources */ = {isa = PBXBuildFile; fileRef = 45C9B2444FD84019BBAD1ABE /* ToastCenter.swift */; };
		3354838712504217B97F88FD /* PaymentHandleStore.swift in Sources */ = {isa = PBXBuildFile; fileRef = 961CD13E44F04C8E885A0978 /* PaymentHandleStore.swift */; };
		CE678CF4782B4C89ACDB2FFA /* RootView.swift in Sources */ = {isa = PBXBuildFile; fileRef = B935A190931547CD864BD1FE /* RootView.swift */; };
		37E1821C4F8745A2B01FE1B1 /* WelcomeView.swift in Sources */ = {isa = PBXBuildFile; fileRef = 2F5D7B880F7541A8B2C87CA7 /* WelcomeView.swift */; };
		43B700A480E442C9B5055D81 /* HomeView.swift in Sources */ = {isa = PBXBuildFile; fileRef = C2C2FED222DF43179C0E9A17 /* HomeView.swift */; };
		98EBDC4E8D3B453CAC1A005B /* RoomStatusCard.swift in Sources */ = {isa = PBXBuildFile; fileRef = DFA7AD89E42E40F88D6AB738 /* RoomStatusCard.swift */; };
		0EF9A2E6A74F4CB8B68266A2 /* CountdownTimerView.swift in Sources */ = {isa = PBXBuildFile; fileRef = A441278CBF15402F889642A0 /* CountdownTimerView.swift */; };
		0A6B303183364BB49E86A6EB /* NewOfferView.swift in Sources */ = {isa = PBXBuildFile; fileRef = D25677F0A97144039E43754F /* NewOfferView.swift */; };
		487D0A06DFA8440381434E92 /* OfferDetailView.swift in Sources */ = {isa = PBXBuildFile; fileRef = 98BE0383F5974E99B1F2C9E5 /* OfferDetailView.swift */; };
		FFF071A076BE4B20B7F90D2B /* OfferRowView.swift in Sources */ = {isa = PBXBuildFile; fileRef = 05261F4D3CD24C66B2B93EA5 /* OfferRowView.swift */; };
		7B9607B82E9D4703872A3263 /* OffersListView.swift in Sources */ = {isa = PBXBuildFile; fileRef = C8DE49CFCE354F9DA84E31FE /* OffersListView.swift */; };
		B5494304BE1E49A59FEE9FD6 /* ScheduleView.swift in Sources */ = {isa = PBXBuildFile; fileRef = 3BC0EC08C2A546B89AE7BD35 /* ScheduleView.swift */; };
		256EE32C07E24CEFBC4C6AB0 /* AddScheduleBlockView.swift in Sources */ = {isa = PBXBuildFile; fileRef = 4F2D5CBC407C4E50AB54FECC /* AddScheduleBlockView.swift */; };
		830492A866D040EB9B58435A /* CameraCaptureView.swift in Sources */ = {isa = PBXBuildFile; fileRef = C6CC3C146299430DAFFE8FAC /* CameraCaptureView.swift */; };
		02FC37BF641A47C5A85DDDB2 /* ImportScheduleView.swift in Sources */ = {isa = PBXBuildFile; fileRef = 9CE799FAC8DA4AF99A1C8AF4 /* ImportScheduleView.swift */; };
		045EE11960F94448AEE80426 /* ProposeStandingArrangementView.swift in Sources */ = {isa = PBXBuildFile; fileRef = 5611E7778ECB42F1B7005CC4 /* ProposeStandingArrangementView.swift */; };
		8F1DAF76849F46B48C348444 /* SettingsView.swift in Sources */ = {isa = PBXBuildFile; fileRef = CBA396429C6A47F586A8792D /* SettingsView.swift */; };
		5219822C4FCF444498454513 /* HowItWorksView.swift in Sources */ = {isa = PBXBuildFile; fileRef = BC1BDC688B37479C9250C44B /* HowItWorksView.swift */; };
		FACF60A4528743AEB5D2FBD8 /* SubscriptionView.swift in Sources */ = {isa = PBXBuildFile; fileRef = A63E1C33B5AC4237BC098B02 /* SubscriptionView.swift */; };
		22DC4A33A6F94CB584651746 /* PrimaryButton.swift in Sources */ = {isa = PBXBuildFile; fileRef = 42A1599CED9C491C89A2E2D1 /* PrimaryButton.swift */; };
		7D421CBDB3834318BC10122A /* PurposeChip.swift in Sources */ = {isa = PBXBuildFile; fileRef = 31F434756C594DC9A5F70E1D /* PurposeChip.swift */; };
		DCFD1C04E9CC45C896CA04E3 /* SectionHeader.swift in Sources */ = {isa = PBXBuildFile; fileRef = 51C8256CED124E38BAE030B0 /* SectionHeader.swift */; };
		04379276F3C04CDE85A36634 /* ToastModifier.swift in Sources */ = {isa = PBXBuildFile; fileRef = 0951D2D633CD4FAF9DA4B49A /* ToastModifier.swift */; };
		08808970FDC544EAA2D260A0 /* Assets.xcassets in Resources */ = {isa = PBXBuildFile; fileRef = 0752489795F749F894B073FB /* Assets.xcassets */; };
/* End PBXBuildFile section */

/* Begin PBXFileReference section */
		518B06C77C294336847BCF6D /* ShortyApp.swift */ = {isa = PBXFileReference; lastKnownFileType = sourcecode.swift; path = ShortyApp.swift; sourceTree = "<group>"; };
		879068DC9ACD4358B27F6402 /* DukeTheme.swift */ = {isa = PBXFileReference; lastKnownFileType = sourcecode.swift; path = DukeTheme.swift; sourceTree = "<group>"; };
		FEADD8B3C46442BAB227AD6B /* Purpose.swift */ = {isa = PBXFileReference; lastKnownFileType = sourcecode.swift; path = Purpose.swift; sourceTree = "<group>"; };
		891E0D082BB143669BE12CA1 /* RentalOffer.swift */ = {isa = PBXFileReference; lastKnownFileType = sourcecode.swift; path = RentalOffer.swift; sourceTree = "<group>"; };
		8CE30CFE9EFB40BAA69ACF05 /* RoomStatus.swift */ = {isa = PBXFileReference; lastKnownFileType = sourcecode.swift; path = RoomStatus.swift; sourceTree = "<group>"; };
		4F7303F0F41E4E2D97E343CD /* ScheduleBlock.swift */ = {isa = PBXFileReference; lastKnownFileType = sourcecode.swift; path = ScheduleBlock.swift; sourceTree = "<group>"; };
		69A36932959D4E0C92B970B7 /* Profile.swift */ = {isa = PBXFileReference; lastKnownFileType = sourcecode.swift; path = Profile.swift; sourceTree = "<group>"; };
		77D94BE19876440DB61B3458 /* StandingArrangement.swift */ = {isa = PBXFileReference; lastKnownFileType = sourcecode.swift; path = StandingArrangement.swift; sourceTree = "<group>"; };
		D0C988CF57D94DE9B835FA98 /* PaymentHandle.swift */ = {isa = PBXFileReference; lastKnownFileType = sourcecode.swift; path = PaymentHandle.swift; sourceTree = "<group>"; };
		92E0108A4B474F7482799771 /* LegalLinks.swift */ = {isa = PBXFileReference; lastKnownFileType = sourcecode.swift; path = LegalLinks.swift; sourceTree = "<group>"; };
		0C76D210E9CB45C0B483AF26 /* CloudKitManager.swift */ = {isa = PBXFileReference; lastKnownFileType = sourcecode.swift; path = CloudKitManager.swift; sourceTree = "<group>"; };
		111CB18C13764C89B549CF56 /* CloudSharingView.swift */ = {isa = PBXFileReference; lastKnownFileType = sourcecode.swift; path = CloudSharingView.swift; sourceTree = "<group>"; };
		7099CDEE36714D69ACF77465 /* OfferStore.swift */ = {isa = PBXFileReference; lastKnownFileType = sourcecode.swift; path = OfferStore.swift; sourceTree = "<group>"; };
		637F7E8E3A7643EEAFF532E5 /* ScheduleStore.swift */ = {isa = PBXFileReference; lastKnownFileType = sourcecode.swift; path = ScheduleStore.swift; sourceTree = "<group>"; };
		2CB9C984A46B429EA02A6A4F /* ProfileStore.swift */ = {isa = PBXFileReference; lastKnownFileType = sourcecode.swift; path = ProfileStore.swift; sourceTree = "<group>"; };
		3A46964592494C91AF98D502 /* ScheduleImportService.swift */ = {isa = PBXFileReference; lastKnownFileType = sourcecode.swift; path = ScheduleImportService.swift; sourceTree = "<group>"; };
		F31B7CB430E9413AACC3D0C7 /* CalendarImportService.swift */ = {isa = PBXFileReference; lastKnownFileType = sourcecode.swift; path = CalendarImportService.swift; sourceTree = "<group>"; };
		BE2A82E70CB74A8293E1803D /* StandingArrangementStore.swift */ = {isa = PBXFileReference; lastKnownFileType = sourcecode.swift; path = StandingArrangementStore.swift; sourceTree = "<group>"; };
		4BCAD39D660142088DF1408B /* NotificationService.swift */ = {isa = PBXFileReference; lastKnownFileType = sourcecode.swift; path = NotificationService.swift; sourceTree = "<group>"; };
		6DE44D146F8F4DD68A7A1534 /* SubscriptionStore.swift */ = {isa = PBXFileReference; lastKnownFileType = sourcecode.swift; path = SubscriptionStore.swift; sourceTree = "<group>"; };
		8FABC3D3AF444F8B94A4A763 /* Haptics.swift */ = {isa = PBXFileReference; lastKnownFileType = sourcecode.swift; path = Haptics.swift; sourceTree = "<group>"; };
		45C9B2444FD84019BBAD1ABE /* ToastCenter.swift */ = {isa = PBXFileReference; lastKnownFileType = sourcecode.swift; path = ToastCenter.swift; sourceTree = "<group>"; };
		961CD13E44F04C8E885A0978 /* PaymentHandleStore.swift */ = {isa = PBXFileReference; lastKnownFileType = sourcecode.swift; path = PaymentHandleStore.swift; sourceTree = "<group>"; };
		B935A190931547CD864BD1FE /* RootView.swift */ = {isa = PBXFileReference; lastKnownFileType = sourcecode.swift; path = RootView.swift; sourceTree = "<group>"; };
		2F5D7B880F7541A8B2C87CA7 /* WelcomeView.swift */ = {isa = PBXFileReference; lastKnownFileType = sourcecode.swift; path = WelcomeView.swift; sourceTree = "<group>"; };
		C2C2FED222DF43179C0E9A17 /* HomeView.swift */ = {isa = PBXFileReference; lastKnownFileType = sourcecode.swift; path = HomeView.swift; sourceTree = "<group>"; };
		DFA7AD89E42E40F88D6AB738 /* RoomStatusCard.swift */ = {isa = PBXFileReference; lastKnownFileType = sourcecode.swift; path = RoomStatusCard.swift; sourceTree = "<group>"; };
		A441278CBF15402F889642A0 /* CountdownTimerView.swift */ = {isa = PBXFileReference; lastKnownFileType = sourcecode.swift; path = CountdownTimerView.swift; sourceTree = "<group>"; };
		D25677F0A97144039E43754F /* NewOfferView.swift */ = {isa = PBXFileReference; lastKnownFileType = sourcecode.swift; path = NewOfferView.swift; sourceTree = "<group>"; };
		98BE0383F5974E99B1F2C9E5 /* OfferDetailView.swift */ = {isa = PBXFileReference; lastKnownFileType = sourcecode.swift; path = OfferDetailView.swift; sourceTree = "<group>"; };
		05261F4D3CD24C66B2B93EA5 /* OfferRowView.swift */ = {isa = PBXFileReference; lastKnownFileType = sourcecode.swift; path = OfferRowView.swift; sourceTree = "<group>"; };
		C8DE49CFCE354F9DA84E31FE /* OffersListView.swift */ = {isa = PBXFileReference; lastKnownFileType = sourcecode.swift; path = OffersListView.swift; sourceTree = "<group>"; };
		3BC0EC08C2A546B89AE7BD35 /* ScheduleView.swift */ = {isa = PBXFileReference; lastKnownFileType = sourcecode.swift; path = ScheduleView.swift; sourceTree = "<group>"; };
		4F2D5CBC407C4E50AB54FECC /* AddScheduleBlockView.swift */ = {isa = PBXFileReference; lastKnownFileType = sourcecode.swift; path = AddScheduleBlockView.swift; sourceTree = "<group>"; };
		C6CC3C146299430DAFFE8FAC /* CameraCaptureView.swift */ = {isa = PBXFileReference; lastKnownFileType = sourcecode.swift; path = CameraCaptureView.swift; sourceTree = "<group>"; };
		9CE799FAC8DA4AF99A1C8AF4 /* ImportScheduleView.swift */ = {isa = PBXFileReference; lastKnownFileType = sourcecode.swift; path = ImportScheduleView.swift; sourceTree = "<group>"; };
		5611E7778ECB42F1B7005CC4 /* ProposeStandingArrangementView.swift */ = {isa = PBXFileReference; lastKnownFileType = sourcecode.swift; path = ProposeStandingArrangementView.swift; sourceTree = "<group>"; };
		CBA396429C6A47F586A8792D /* SettingsView.swift */ = {isa = PBXFileReference; lastKnownFileType = sourcecode.swift; path = SettingsView.swift; sourceTree = "<group>"; };
		BC1BDC688B37479C9250C44B /* HowItWorksView.swift */ = {isa = PBXFileReference; lastKnownFileType = sourcecode.swift; path = HowItWorksView.swift; sourceTree = "<group>"; };
		A63E1C33B5AC4237BC098B02 /* SubscriptionView.swift */ = {isa = PBXFileReference; lastKnownFileType = sourcecode.swift; path = SubscriptionView.swift; sourceTree = "<group>"; };
		42A1599CED9C491C89A2E2D1 /* PrimaryButton.swift */ = {isa = PBXFileReference; lastKnownFileType = sourcecode.swift; path = PrimaryButton.swift; sourceTree = "<group>"; };
		31F434756C594DC9A5F70E1D /* PurposeChip.swift */ = {isa = PBXFileReference; lastKnownFileType = sourcecode.swift; path = PurposeChip.swift; sourceTree = "<group>"; };
		51C8256CED124E38BAE030B0 /* SectionHeader.swift */ = {isa = PBXFileReference; lastKnownFileType = sourcecode.swift; path = SectionHeader.swift; sourceTree = "<group>"; };
		0951D2D633CD4FAF9DA4B49A /* ToastModifier.swift */ = {isa = PBXFileReference; lastKnownFileType = sourcecode.swift; path = ToastModifier.swift; sourceTree = "<group>"; };
		A509BC03BD924A66A9160A4A /* Shorty.entitlements */ = {isa = PBXFileReference; lastKnownFileType = text.plist.entitlements; path = Shorty.entitlements; sourceTree = "<group>"; };
		0752489795F749F894B073FB /* Assets.xcassets */ = {isa = PBXFileReference; lastKnownFileType = folder.assetcatalog; path = Assets.xcassets; sourceTree = "<group>"; };
		6BE593A0A594446B92F80EDD /* Shorty.app */ = {isa = PBXFileReference; explicitFileType = wrapper.application; includeInIndex = 0; path = Shorty.app; sourceTree = BUILT_PRODUCTS_DIR; };
/* End PBXFileReference section */

/* Begin PBXFrameworksBuildPhase section */
		55CECED0F3454908B7326E4A /* Frameworks */ = {
			isa = PBXFrameworksBuildPhase;
			buildActionMask = 2147483647;
			files = (
			);
			runOnlyForDeploymentPostprocessing = 0;
		};
/* End PBXFrameworksBuildPhase section */

/* Begin PBXGroup section */
		19FAB9EB21934153B3B9F69D /* Theme */ = {
			isa = PBXGroup;
			children = (
				879068DC9ACD4358B27F6402 /* DukeTheme.swift */,
			);
			path = "Theme";
			sourceTree = "<group>";
		};
		4FC4C6471A7F408EB781E252 /* Models */ = {
			isa = PBXGroup;
			children = (
				FEADD8B3C46442BAB227AD6B /* Purpose.swift */,
				891E0D082BB143669BE12CA1 /* RentalOffer.swift */,
				8CE30CFE9EFB40BAA69ACF05 /* RoomStatus.swift */,
				4F7303F0F41E4E2D97E343CD /* ScheduleBlock.swift */,
				69A36932959D4E0C92B970B7 /* Profile.swift */,
				77D94BE19876440DB61B3458 /* StandingArrangement.swift */,
				D0C988CF57D94DE9B835FA98 /* PaymentHandle.swift */,
				92E0108A4B474F7482799771 /* LegalLinks.swift */,
			);
			path = "Models";
			sourceTree = "<group>";
		};
		22770619D3AB4D598EC68CF3 /* Services */ = {
			isa = PBXGroup;
			children = (
				0C76D210E9CB45C0B483AF26 /* CloudKitManager.swift */,
				111CB18C13764C89B549CF56 /* CloudSharingView.swift */,
				7099CDEE36714D69ACF77465 /* OfferStore.swift */,
				637F7E8E3A7643EEAFF532E5 /* ScheduleStore.swift */,
				2CB9C984A46B429EA02A6A4F /* ProfileStore.swift */,
				3A46964592494C91AF98D502 /* ScheduleImportService.swift */,
				F31B7CB430E9413AACC3D0C7 /* CalendarImportService.swift */,
				BE2A82E70CB74A8293E1803D /* StandingArrangementStore.swift */,
				4BCAD39D660142088DF1408B /* NotificationService.swift */,
				6DE44D146F8F4DD68A7A1534 /* SubscriptionStore.swift */,
				8FABC3D3AF444F8B94A4A763 /* Haptics.swift */,
				45C9B2444FD84019BBAD1ABE /* ToastCenter.swift */,
				961CD13E44F04C8E885A0978 /* PaymentHandleStore.swift */,
			);
			path = "Services";
			sourceTree = "<group>";
		};
		6B8DFFC0A7134CBA9C52C93F /* Onboarding */ = {
			isa = PBXGroup;
			children = (
				2F5D7B880F7541A8B2C87CA7 /* WelcomeView.swift */,
			);
			path = "Onboarding";
			sourceTree = "<group>";
		};
		AFFF9D0F6E3F48A09AF5FC37 /* Home */ = {
			isa = PBXGroup;
			children = (
				C2C2FED222DF43179C0E9A17 /* HomeView.swift */,
				DFA7AD89E42E40F88D6AB738 /* RoomStatusCard.swift */,
				A441278CBF15402F889642A0 /* CountdownTimerView.swift */,
			);
			path = "Home";
			sourceTree = "<group>";
		};
		A0E130C7D7DE4CEABF98A2A9 /* Offers */ = {
			isa = PBXGroup;
			children = (
				D25677F0A97144039E43754F /* NewOfferView.swift */,
				98BE0383F5974E99B1F2C9E5 /* OfferDetailView.swift */,
				05261F4D3CD24C66B2B93EA5 /* OfferRowView.swift */,
				C8DE49CFCE354F9DA84E31FE /* OffersListView.swift */,
			);
			path = "Offers";
			sourceTree = "<group>";
		};
		5340A33F5F8146FB98BA0A4C /* Schedule */ = {
			isa = PBXGroup;
			children = (
				3BC0EC08C2A546B89AE7BD35 /* ScheduleView.swift */,
				4F2D5CBC407C4E50AB54FECC /* AddScheduleBlockView.swift */,
				C6CC3C146299430DAFFE8FAC /* CameraCaptureView.swift */,
				9CE799FAC8DA4AF99A1C8AF4 /* ImportScheduleView.swift */,
				5611E7778ECB42F1B7005CC4 /* ProposeStandingArrangementView.swift */,
			);
			path = "Schedule";
			sourceTree = "<group>";
		};
		1CFBC36BDBE24FA9971A0E35 /* Settings */ = {
			isa = PBXGroup;
			children = (
				CBA396429C6A47F586A8792D /* SettingsView.swift */,
				BC1BDC688B37479C9250C44B /* HowItWorksView.swift */,
				A63E1C33B5AC4237BC098B02 /* SubscriptionView.swift */,
			);
			path = "Settings";
			sourceTree = "<group>";
		};
		0ACBDE9851744D558C5BB26B /* Components */ = {
			isa = PBXGroup;
			children = (
				42A1599CED9C491C89A2E2D1 /* PrimaryButton.swift */,
				31F434756C594DC9A5F70E1D /* PurposeChip.swift */,
				51C8256CED124E38BAE030B0 /* SectionHeader.swift */,
				0951D2D633CD4FAF9DA4B49A /* ToastModifier.swift */,
			);
			path = "Components";
			sourceTree = "<group>";
		};
		DA14007D41254436ADD93274 /* Views */ = {
			isa = PBXGroup;
			children = (
				B935A190931547CD864BD1FE /* RootView.swift */,
				6B8DFFC0A7134CBA9C52C93F /* Onboarding */,
				AFFF9D0F6E3F48A09AF5FC37 /* Home */,
				A0E130C7D7DE4CEABF98A2A9 /* Offers */,
				5340A33F5F8146FB98BA0A4C /* Schedule */,
				1CFBC36BDBE24FA9971A0E35 /* Settings */,
				0ACBDE9851744D558C5BB26B /* Components */,
			);
			path = "Views";
			sourceTree = "<group>";
		};
		18875CCD7F07490D9F18BD24 /* Shorty */ = {
			isa = PBXGroup;
			children = (
				518B06C77C294336847BCF6D /* ShortyApp.swift */,
				19FAB9EB21934153B3B9F69D /* Theme */,
				4FC4C6471A7F408EB781E252 /* Models */,
				22770619D3AB4D598EC68CF3 /* Services */,
				DA14007D41254436ADD93274 /* Views */,
				0752489795F749F894B073FB /* Assets.xcassets */,
				A509BC03BD924A66A9160A4A /* Shorty.entitlements */,
			);
			path = "Shorty";
			sourceTree = "<group>";
		};
		635AAB40F57E41F384DB9276 /* Products */ = {
			isa = PBXGroup;
			children = (
				6BE593A0A594446B92F80EDD /* Shorty.app */,
			);
			sourceTree = "<group>";
		};
		0F2C38482BC143A283A43DFA /* Main */ = {
			isa = PBXGroup;
			children = (
				18875CCD7F07490D9F18BD24 /* Shorty */,
				635AAB40F57E41F384DB9276 /* Products */,
			);
			sourceTree = "<group>";
		};
/* End PBXGroup section */

/* Begin PBXNativeTarget section */
		5B9E0604D937431CBE40A05F /* Shorty */ = {
			isa = PBXNativeTarget;
			buildConfigurationList = F10CC33DC07243698A52C9E5 /* Build configuration list for PBXNativeTarget "Shorty" */;
			buildPhases = (
				FE56CB11C38C482A80596065 /* Sources */,
				55CECED0F3454908B7326E4A /* Frameworks */,
				B8B8E6731EC24A63881DADA9 /* Resources */,
			);
			buildRules = (
			);
			dependencies = (
			);
			name = Shorty;
			productName = Shorty;
			productReference = 6BE593A0A594446B92F80EDD /* Shorty.app */;
			productType = "com.apple.product-type.application";
		};
/* End PBXNativeTarget section */

/* Begin PBXProject section */
		B090C475299A4BB686018EC6 /* Project object */ = {
			isa = PBXProject;
			attributes = {
				BuildIndependentTargetsInParallel = 1;
				LastSwiftUpdateCheck = 1600;
				LastUpgradeCheck = 1600;
				TargetAttributes = {
					5B9E0604D937431CBE40A05F = {
						CreatedOnToolsVersion = 16.0;
					};
				};
			};
			buildConfigurationList = B2725A0E7B6D4E248A7B3512 /* Build configuration list for PBXProject "Shorty" */;
			compatibilityVersion = "Xcode 14.0";
			developmentRegion = en;
			hasScannedForEncodings = 0;
			knownRegions = (
				en,
				Base,
			);
			mainGroup = 0F2C38482BC143A283A43DFA;
			productRefGroup = 635AAB40F57E41F384DB9276 /* Products */;
			projectDirPath = "";
			projectRoot = "";
			targets = (
				5B9E0604D937431CBE40A05F /* Shorty */,
			);
		};
/* End PBXProject section */

/* Begin PBXResourcesBuildPhase section */
		B8B8E6731EC24A63881DADA9 /* Resources */ = {
			isa = PBXResourcesBuildPhase;
			buildActionMask = 2147483647;
			files = (
				08808970FDC544EAA2D260A0 /* Assets.xcassets in Resources */,
			);
			runOnlyForDeploymentPostprocessing = 0;
		};
/* End PBXResourcesBuildPhase section */

/* Begin PBXSourcesBuildPhase section */
		FE56CB11C38C482A80596065 /* Sources */ = {
			isa = PBXSourcesBuildPhase;
			buildActionMask = 2147483647;
			files = (
				6FC2842FC6FA4808AEC490C3 /* ShortyApp.swift in Sources */,
				6D9C40296BB04999BCC13494 /* DukeTheme.swift in Sources */,
				50A17F2CEC6746FD93AE7868 /* Purpose.swift in Sources */,
				506114CE1CBE46E5BE3A6BCD /* RentalOffer.swift in Sources */,
				44F88B7DD5DA4FF6B056A901 /* RoomStatus.swift in Sources */,
				0CB69EDF0497473589665DD6 /* ScheduleBlock.swift in Sources */,
				0E9D0D3D2A894DF6B3ED4CDA /* Profile.swift in Sources */,
				AA66D2BC18C149A4AAAB5F04 /* StandingArrangement.swift in Sources */,
				20A1A304210248269DCEE96D /* PaymentHandle.swift in Sources */,
				3AE718F392164D37985327CE /* LegalLinks.swift in Sources */,
				FAD9B9098EE64586A859AD3D /* CloudKitManager.swift in Sources */,
				47B14B7D99984068992A23CF /* CloudSharingView.swift in Sources */,
				5FDAD2F4061F462099FA1FEA /* OfferStore.swift in Sources */,
				982599F6DA2F4AE699B083F2 /* ScheduleStore.swift in Sources */,
				BD5F2B3B2B934E9997738B3E /* ProfileStore.swift in Sources */,
				5B24F3974CAD40BFA6CF6E92 /* ScheduleImportService.swift in Sources */,
				4230CFDC602945D084A0814B /* CalendarImportService.swift in Sources */,
				03F64D3632E740C08504DC6A /* StandingArrangementStore.swift in Sources */,
				CCEB7E2106AF4D36A7A95E5F /* NotificationService.swift in Sources */,
				8A269269730148149784FB6B /* SubscriptionStore.swift in Sources */,
				D987D4BFE0BB42B9BFB65657 /* Haptics.swift in Sources */,
				E375B829035949B8BBD2C978 /* ToastCenter.swift in Sources */,
				3354838712504217B97F88FD /* PaymentHandleStore.swift in Sources */,
				CE678CF4782B4C89ACDB2FFA /* RootView.swift in Sources */,
				37E1821C4F8745A2B01FE1B1 /* WelcomeView.swift in Sources */,
				43B700A480E442C9B5055D81 /* HomeView.swift in Sources */,
				98EBDC4E8D3B453CAC1A005B /* RoomStatusCard.swift in Sources */,
				0EF9A2E6A74F4CB8B68266A2 /* CountdownTimerView.swift in Sources */,
				0A6B303183364BB49E86A6EB /* NewOfferView.swift in Sources */,
				487D0A06DFA8440381434E92 /* OfferDetailView.swift in Sources */,
				FFF071A076BE4B20B7F90D2B /* OfferRowView.swift in Sources */,
				7B9607B82E9D4703872A3263 /* OffersListView.swift in Sources */,
				B5494304BE1E49A59FEE9FD6 /* ScheduleView.swift in Sources */,
				256EE32C07E24CEFBC4C6AB0 /* AddScheduleBlockView.swift in Sources */,
				830492A866D040EB9B58435A /* CameraCaptureView.swift in Sources */,
				02FC37BF641A47C5A85DDDB2 /* ImportScheduleView.swift in Sources */,
				045EE11960F94448AEE80426 /* ProposeStandingArrangementView.swift in Sources */,
				8F1DAF76849F46B48C348444 /* SettingsView.swift in Sources */,
				5219822C4FCF444498454513 /* HowItWorksView.swift in Sources */,
				FACF60A4528743AEB5D2FBD8 /* SubscriptionView.swift in Sources */,
				22DC4A33A6F94CB584651746 /* PrimaryButton.swift in Sources */,
				7D421CBDB3834318BC10122A /* PurposeChip.swift in Sources */,
				DCFD1C04E9CC45C896CA04E3 /* SectionHeader.swift in Sources */,
				04379276F3C04CDE85A36634 /* ToastModifier.swift in Sources */,
			);
			runOnlyForDeploymentPostprocessing = 0;
		};
/* End PBXSourcesBuildPhase section */

/* Begin XCBuildConfiguration section */
		F08658CE1065491FBE2697F1 /* Debug */ = {
			isa = XCBuildConfiguration;
			buildSettings = {
				ALWAYS_SEARCH_USER_PATHS = NO;
				CLANG_ANALYZER_NONNULL = YES;
				CLANG_ANALYZER_NUMBER_OBJECT_CONVERSION = YES_AGGRESSIVE;
				CLANG_CXX_LANGUAGE_STANDARD = "gnu++20";
				CLANG_ENABLE_MODULES = YES;
				CLANG_ENABLE_OBJC_ARC = YES;
				CLANG_ENABLE_OBJC_WEAK = YES;
				CLANG_WARN_BLOCK_CAPTURE_AUTORELEASING = YES;
				CLANG_WARN_BOOL_CONVERSION = YES;
				CLANG_WARN_COMMA = YES;
				CLANG_WARN_CONSTANT_CONVERSION = YES;
				CLANG_WARN_DEPRECATED_OBJC_IMPLEMENTATIONS = YES;
				CLANG_WARN_DIRECT_OBJC_ISA_USAGE = YES_ERROR;
				CLANG_WARN_DOCUMENTATION_COMMENTS = YES;
				CLANG_WARN_EMPTY_BODY = YES;
				CLANG_WARN_ENUM_CONVERSION = YES;
				CLANG_WARN_INFINITE_RECURSION = YES;
				CLANG_WARN_INT_CONVERSION = YES;
				CLANG_WARN_NON_LITERAL_NULL_CONVERSION = YES;
				CLANG_WARN_OBJC_IMPLICIT_RETAIN_SELF = YES;
				CLANG_WARN_OBJC_LITERAL_CONVERSION = YES;
				CLANG_WARN_OBJC_ROOT_CLASS = YES_ERROR;
				CLANG_WARN_QUOTED_INCLUDE_IN_FRAMEWORK_HEADER = YES;
				CLANG_WARN_RANGE_LOOP_ANALYSIS = YES;
				CLANG_WARN_STRICT_PROTOTYPES = YES;
				CLANG_WARN_SUSPICIOUS_MOVE = YES;
				CLANG_WARN_UNGUARDED_AVAILABILITY = YES_AGGRESSIVE;
				CLANG_WARN_UNREACHABLE_CODE = YES;
				CLANG_WARN__DUPLICATE_METHOD_MATCH = YES;
				COPY_PHASE_STRIP = NO;
				DEBUG_INFORMATION_FORMAT = dwarf;
				ENABLE_STRICT_OBJC_MSGSEND = YES;
				ENABLE_TESTABILITY = YES;
				ENABLE_USER_SCRIPT_SANDBOXING = YES;
				GCC_C_LANGUAGE_STANDARD = gnu17;
				GCC_DYNAMIC_NO_PIC = NO;
				GCC_NO_COMMON_BLOCKS = YES;
				GCC_OPTIMIZATION_LEVEL = 0;
				GCC_PREPROCESSOR_DEFINITIONS = (
					"DEBUG=1",
					"$(inherited)",
				);
				GCC_WARN_64_TO_32_BIT_CONVERSION = YES;
				GCC_WARN_ABOUT_RETURN_TYPE = YES_ERROR;
				GCC_WARN_UNDECLARED_SELECTOR = YES;
				GCC_WARN_UNINITIALIZED_AUTOS = YES_AGGRESSIVE;
				GCC_WARN_UNUSED_FUNCTION = YES;
				GCC_WARN_UNUSED_VARIABLE = YES;
				IPHONEOS_DEPLOYMENT_TARGET = 17.0;
				MTL_ENABLE_DEBUG_INFO = INCLUDE_SOURCE;
				MTL_FAST_MATH = YES;
				ONLY_ACTIVE_ARCH = YES;
				SDKROOT = iphoneos;
				SWIFT_ACTIVE_COMPILATION_CONDITIONS = "DEBUG $(inherited)";
				SWIFT_OPTIMIZATION_LEVEL = "-Onone";
			};
			name = Debug;
		};
		D5C1D0AB70A04E728E482979 /* Release */ = {
			isa = XCBuildConfiguration;
			buildSettings = {
				ALWAYS_SEARCH_USER_PATHS = NO;
				CLANG_ANALYZER_NONNULL = YES;
				CLANG_ANALYZER_NUMBER_OBJECT_CONVERSION = YES_AGGRESSIVE;
				CLANG_CXX_LANGUAGE_STANDARD = "gnu++20";
				CLANG_ENABLE_MODULES = YES;
				CLANG_ENABLE_OBJC_ARC = YES;
				CLANG_ENABLE_OBJC_WEAK = YES;
				CLANG_WARN_BLOCK_CAPTURE_AUTORELEASING = YES;
				CLANG_WARN_BOOL_CONVERSION = YES;
				CLANG_WARN_COMMA = YES;
				CLANG_WARN_CONSTANT_CONVERSION = YES;
				CLANG_WARN_DEPRECATED_OBJC_IMPLEMENTATIONS = YES;
				CLANG_WARN_DIRECT_OBJC_ISA_USAGE = YES_ERROR;
				CLANG_WARN_DOCUMENTATION_COMMENTS = YES;
				CLANG_WARN_EMPTY_BODY = YES;
				CLANG_WARN_ENUM_CONVERSION = YES;
				CLANG_WARN_INFINITE_RECURSION = YES;
				CLANG_WARN_INT_CONVERSION = YES;
				CLANG_WARN_NON_LITERAL_NULL_CONVERSION = YES;
				CLANG_WARN_OBJC_IMPLICIT_RETAIN_SELF = YES;
				CLANG_WARN_OBJC_LITERAL_CONVERSION = YES;
				CLANG_WARN_OBJC_ROOT_CLASS = YES_ERROR;
				CLANG_WARN_QUOTED_INCLUDE_IN_FRAMEWORK_HEADER = YES;
				CLANG_WARN_RANGE_LOOP_ANALYSIS = YES;
				CLANG_WARN_STRICT_PROTOTYPES = YES;
				CLANG_WARN_SUSPICIOUS_MOVE = YES;
				CLANG_WARN_UNGUARDED_AVAILABILITY = YES_AGGRESSIVE;
				CLANG_WARN_UNREACHABLE_CODE = YES;
				CLANG_WARN__DUPLICATE_METHOD_MATCH = YES;
				COPY_PHASE_STRIP = NO;
				DEBUG_INFORMATION_FORMAT = "dwarf-with-dsym";
				ENABLE_NS_ASSERTIONS = NO;
				ENABLE_STRICT_OBJC_MSGSEND = YES;
				ENABLE_USER_SCRIPT_SANDBOXING = YES;
				GCC_C_LANGUAGE_STANDARD = gnu17;
				GCC_NO_COMMON_BLOCKS = YES;
				GCC_WARN_64_TO_32_BIT_CONVERSION = YES;
				GCC_WARN_ABOUT_RETURN_TYPE = YES_ERROR;
				GCC_WARN_UNDECLARED_SELECTOR = YES;
				GCC_WARN_UNINITIALIZED_AUTOS = YES_AGGRESSIVE;
				GCC_WARN_UNUSED_FUNCTION = YES;
				GCC_WARN_UNUSED_VARIABLE = YES;
				IPHONEOS_DEPLOYMENT_TARGET = 17.0;
				MTL_ENABLE_DEBUG_INFO = NO;
				MTL_FAST_MATH = YES;
				SDKROOT = iphoneos;
				SWIFT_COMPILATION_MODE = wholemodule;
				VALIDATE_PRODUCT = YES;
			};
			name = Release;
		};
		3E9DD113D3664162A3A0D9BE /* Debug */ = {
			isa = XCBuildConfiguration;
			buildSettings = {
				ASSETCATALOG_COMPILER_APPICON_NAME = AppIcon;
				ASSETCATALOG_COMPILER_GLOBAL_ACCENT_COLOR_NAME = AccentColor;
				CODE_SIGN_ENTITLEMENTS = Shorty/Shorty.entitlements;
				CODE_SIGN_STYLE = Automatic;
				CURRENT_PROJECT_VERSION = 1;
				DEVELOPMENT_TEAM = "";
				GENERATE_INFOPLIST_FILE = YES;
				INFOPLIST_KEY_CFBundleDisplayName = Shorty;
				INFOPLIST_KEY_CKSharingSupported = YES;
				INFOPLIST_KEY_NSCalendarsFullAccessUsageDescription = "Shorty can read your calendar's repeating events (like classes) to fill in your schedule automatically. Nothing is uploaded -- imported events are only saved as schedule blocks after you review and confirm them.";
				INFOPLIST_KEY_NSCameraUsageDescription = "Shorty uses your camera to scan a photo of your class schedule so your roommate can see when you're around.";
				INFOPLIST_KEY_UIApplicationSceneManifest_Generation = YES;
				INFOPLIST_KEY_UILaunchScreen_Generation = YES;
				INFOPLIST_KEY_UISupportedInterfaceOrientations = UIInterfaceOrientationPortrait;
				INFOPLIST_KEY_UISupportedInterfaceOrientations_iPad = "UIInterfaceOrientationPortrait UIInterfaceOrientationPortraitUpsideDown UIInterfaceOrientationLandscapeLeft UIInterfaceOrientationLandscapeRight";
				IPHONEOS_DEPLOYMENT_TARGET = 17.0;
				MARKETING_VERSION = 1.0;
				PRODUCT_BUNDLE_IDENTIFIER = com.fdonoghue.shorty;
				PRODUCT_NAME = "$(TARGET_NAME)";
				SWIFT_EMIT_LOC_STRINGS = YES;
				SWIFT_VERSION = 5.0;
				TARGETED_DEVICE_FAMILY = "1,2";
				SWIFT_ACTIVE_COMPILATION_CONDITIONS = "DEBUG $(inherited)";
				SWIFT_OPTIMIZATION_LEVEL = "-Onone";
			};
			name = Debug;
		};
		7209EFB6CA1B4611B84A6FF8 /* Release */ = {
			isa = XCBuildConfiguration;
			buildSettings = {
				ASSETCATALOG_COMPILER_APPICON_NAME = AppIcon;
				ASSETCATALOG_COMPILER_GLOBAL_ACCENT_COLOR_NAME = AccentColor;
				CODE_SIGN_ENTITLEMENTS = Shorty/Shorty.entitlements;
				CODE_SIGN_STYLE = Automatic;
				CURRENT_PROJECT_VERSION = 1;
				DEVELOPMENT_TEAM = "";
				GENERATE_INFOPLIST_FILE = YES;
				INFOPLIST_KEY_CFBundleDisplayName = Shorty;
				INFOPLIST_KEY_CKSharingSupported = YES;
				INFOPLIST_KEY_NSCalendarsFullAccessUsageDescription = "Shorty can read your calendar's repeating events (like classes) to fill in your schedule automatically. Nothing is uploaded -- imported events are only saved as schedule blocks after you review and confirm them.";
				INFOPLIST_KEY_NSCameraUsageDescription = "Shorty uses your camera to scan a photo of your class schedule so your roommate can see when you're around.";
				INFOPLIST_KEY_UIApplicationSceneManifest_Generation = YES;
				INFOPLIST_KEY_UILaunchScreen_Generation = YES;
				INFOPLIST_KEY_UISupportedInterfaceOrientations = UIInterfaceOrientationPortrait;
				INFOPLIST_KEY_UISupportedInterfaceOrientations_iPad = "UIInterfaceOrientationPortrait UIInterfaceOrientationPortraitUpsideDown UIInterfaceOrientationLandscapeLeft UIInterfaceOrientationLandscapeRight";
				IPHONEOS_DEPLOYMENT_TARGET = 17.0;
				MARKETING_VERSION = 1.0;
				PRODUCT_BUNDLE_IDENTIFIER = com.fdonoghue.shorty;
				PRODUCT_NAME = "$(TARGET_NAME)";
				SWIFT_EMIT_LOC_STRINGS = YES;
				SWIFT_VERSION = 5.0;
				TARGETED_DEVICE_FAMILY = "1,2";
			};
			name = Release;
		};
/* End XCBuildConfiguration section */

/* Begin XCConfigurationList section */
		B2725A0E7B6D4E248A7B3512 /* Build configuration list for PBXProject "Shorty" */ = {
			isa = XCConfigurationList;
			buildConfigurations = (
				F08658CE1065491FBE2697F1 /* Debug */,
				D5C1D0AB70A04E728E482979 /* Release */,
			);
			defaultConfigurationIsVisible = 0;
			defaultConfigurationName = Release;
		};
		F10CC33DC07243698A52C9E5 /* Build configuration list for PBXNativeTarget "Shorty" */ = {
			isa = XCConfigurationList;
			buildConfigurations = (
				3E9DD113D3664162A3A0D9BE /* Debug */,
				7209EFB6CA1B4611B84A6FF8 /* Release */,
			);
			defaultConfigurationIsVisible = 0;
			defaultConfigurationName = Release;
		};
/* End XCConfigurationList section */

	};
	rootObject = B090C475299A4BB686018EC6 /* Project object */;
}
