// !$*UTF8*$!
{
	archiveVersion = 1;
	classes = {
	};
	objectVersion = 56;
	objects = {

/* Begin PBXBuildFile section */
		AD48EBC0691949319F48015C /* ShortyApp.swift in Sources */ = {isa = PBXBuildFile; fileRef = 0C55A738DA4B4B6DB4044542 /* ShortyApp.swift */; };
		5C030EDA86E44D81A79DFD4D /* DukeTheme.swift in Sources */ = {isa = PBXBuildFile; fileRef = E43EE56C42ED44959BC54F8E /* DukeTheme.swift */; };
		0AF90C55386E46198E55682E /* Purpose.swift in Sources */ = {isa = PBXBuildFile; fileRef = BA646B698BE3442DB0D924F7 /* Purpose.swift */; };
		87F0FDB739814AE98FBF32AB /* RentalOffer.swift in Sources */ = {isa = PBXBuildFile; fileRef = A72D6D7E1D674D4BBA76528E /* RentalOffer.swift */; };
		225D07EA4677470DB18BB08D /* RoomStatus.swift in Sources */ = {isa = PBXBuildFile; fileRef = 2D5ED02A291041BFA807838C /* RoomStatus.swift */; };
		D9B12EBC5D5F4643AC24837E /* ScheduleBlock.swift in Sources */ = {isa = PBXBuildFile; fileRef = 1E20F57267E946AD825DFF2E /* ScheduleBlock.swift */; };
		EA77F493AF904444970B3BBE /* Profile.swift in Sources */ = {isa = PBXBuildFile; fileRef = BA34B092C5E0438D9183E429 /* Profile.swift */; };
		115F5022FA1B44ADADB65EF4 /* StandingArrangement.swift in Sources */ = {isa = PBXBuildFile; fileRef = 40B71030586640EDB79EEDDB /* StandingArrangement.swift */; };
		6EEA52CE34E644A7B0E7EAE1 /* CloudKitManager.swift in Sources */ = {isa = PBXBuildFile; fileRef = A7471D5EDAA046339AEB12BE /* CloudKitManager.swift */; };
		070AB9E0C5E045C1B4F9383F /* CloudSharingView.swift in Sources */ = {isa = PBXBuildFile; fileRef = E9E60888E7224306B14C6D9A /* CloudSharingView.swift */; };
		8F502701DA6D4465A9753008 /* OfferStore.swift in Sources */ = {isa = PBXBuildFile; fileRef = C80098EB4B6F4216A82DC764 /* OfferStore.swift */; };
		8FFA32EA320B4DE28B6D0EED /* ScheduleStore.swift in Sources */ = {isa = PBXBuildFile; fileRef = DD98C12212D94593AE700342 /* ScheduleStore.swift */; };
		C6889213307444219FDD61CD /* ProfileStore.swift in Sources */ = {isa = PBXBuildFile; fileRef = 8020A98766844C9EB34B7B0A /* ProfileStore.swift */; };
		9D8490734D554555A4000CB1 /* ScheduleImportService.swift in Sources */ = {isa = PBXBuildFile; fileRef = 4ED7B0DCC68B4A3D8D52FDAF /* ScheduleImportService.swift */; };
		AD0FFDB3E237494593CE1D69 /* StandingArrangementStore.swift in Sources */ = {isa = PBXBuildFile; fileRef = C1878FB17E8745A38B7AE9D5 /* StandingArrangementStore.swift */; };
		6DEAC02AAF4A4A6FBD18FBC7 /* NotificationService.swift in Sources */ = {isa = PBXBuildFile; fileRef = 2C6B62C71A164F058E616D35 /* NotificationService.swift */; };
		9096933C9F9A400B8357E8D6 /* SubscriptionStore.swift in Sources */ = {isa = PBXBuildFile; fileRef = 8F3137F626A64A1D98736A5F /* SubscriptionStore.swift */; };
		667C071B790D40D9BF16D928 /* Haptics.swift in Sources */ = {isa = PBXBuildFile; fileRef = A2FEF96D773A4BDE82F1FF05 /* Haptics.swift */; };
		9FABEFC84A9C4CF98932369D /* ToastCenter.swift in Sources */ = {isa = PBXBuildFile; fileRef = 340EEF5BC3C14B4593A12433 /* ToastCenter.swift */; };
		30786432D333404C86D486E3 /* RootView.swift in Sources */ = {isa = PBXBuildFile; fileRef = 673690E4ED1B4BF69AFA392F /* RootView.swift */; };
		F13E444842AF40A78EBFB379 /* WelcomeView.swift in Sources */ = {isa = PBXBuildFile; fileRef = CCC0B0861FF44DB4A049FBD7 /* WelcomeView.swift */; };
		BE8151CEEFBC4CB2BA835CBE /* HomeView.swift in Sources */ = {isa = PBXBuildFile; fileRef = B8404DFFF3AF42C4B42518D2 /* HomeView.swift */; };
		97B258D245E5413BA3516C0E /* RoomStatusCard.swift in Sources */ = {isa = PBXBuildFile; fileRef = 1BF6931B30DF4C988B8FD5D5 /* RoomStatusCard.swift */; };
		37579A201C4D4E2DA95FCFBB /* CountdownTimerView.swift in Sources */ = {isa = PBXBuildFile; fileRef = 8F2A083E03D04F1992FC4EB9 /* CountdownTimerView.swift */; };
		D09EBAC9EDEC4B73AAFC109A /* NewOfferView.swift in Sources */ = {isa = PBXBuildFile; fileRef = CCD306244F5A45B890807F59 /* NewOfferView.swift */; };
		C073B1C4FA934171A88D1C2B /* OfferDetailView.swift in Sources */ = {isa = PBXBuildFile; fileRef = E7C86BFEF6C0497F8B2A3CEA /* OfferDetailView.swift */; };
		42D187861F2A464CBB9C845D /* OfferRowView.swift in Sources */ = {isa = PBXBuildFile; fileRef = EB2B9F65DFDE4A8EBAF6D26B /* OfferRowView.swift */; };
		90499AA244624F2BB949DC35 /* OffersListView.swift in Sources */ = {isa = PBXBuildFile; fileRef = C18D3B620396438AA37C307E /* OffersListView.swift */; };
		6E8F769FEB1C4686B046B221 /* ScheduleView.swift in Sources */ = {isa = PBXBuildFile; fileRef = 282E4F252D7749E0B4D7D091 /* ScheduleView.swift */; };
		0FA665E0092445D494A15255 /* AddScheduleBlockView.swift in Sources */ = {isa = PBXBuildFile; fileRef = D9A31F16153542D2BD36227F /* AddScheduleBlockView.swift */; };
		BD8488864D274095AC0CDA0F /* CameraCaptureView.swift in Sources */ = {isa = PBXBuildFile; fileRef = 0547BA45E50443CEAE13F934 /* CameraCaptureView.swift */; };
		82911EE9E6E84B4DA5CAC5DE /* ImportScheduleView.swift in Sources */ = {isa = PBXBuildFile; fileRef = C05B0214922F4C589350D185 /* ImportScheduleView.swift */; };
		3B2D0305CDC54D108B00DBAE /* ProposeStandingArrangementView.swift in Sources */ = {isa = PBXBuildFile; fileRef = 0C90D4BB2947467F8E08CA7B /* ProposeStandingArrangementView.swift */; };
		AE37AAEF7F0E492081DB34D0 /* SettingsView.swift in Sources */ = {isa = PBXBuildFile; fileRef = B8054CB0FCAF4322988936DC /* SettingsView.swift */; };
		2B1650815D354292A85F0262 /* HowItWorksView.swift in Sources */ = {isa = PBXBuildFile; fileRef = D5D55450973947ABB5452415 /* HowItWorksView.swift */; };
		714ECB9F9BED43FA8BD6607F /* SubscriptionView.swift in Sources */ = {isa = PBXBuildFile; fileRef = 963ACFC0B1B9446E8B76C780 /* SubscriptionView.swift */; };
		017B1B3DC14E48BA900947BD /* PrimaryButton.swift in Sources */ = {isa = PBXBuildFile; fileRef = F8E7CA6E2B8943A99D205BF6 /* PrimaryButton.swift */; };
		AAABD741EEEB4A09978982FB /* PurposeChip.swift in Sources */ = {isa = PBXBuildFile; fileRef = 80DE82B38BDE4233A7EE953D /* PurposeChip.swift */; };
		F599BF5BC4EB438E9C69E8F9 /* SectionHeader.swift in Sources */ = {isa = PBXBuildFile; fileRef = 257EB7F4D9404E7C8B0A57DC /* SectionHeader.swift */; };
		AFBE6D80F09B4B5EBB1F9831 /* ToastModifier.swift in Sources */ = {isa = PBXBuildFile; fileRef = 66940639DD364C53A878ED35 /* ToastModifier.swift */; };
		3A461C1EAF11419985CB9DC8 /* Assets.xcassets in Resources */ = {isa = PBXBuildFile; fileRef = 2A9EF47563714783924571DF /* Assets.xcassets */; };
/* End PBXBuildFile section */

/* Begin PBXFileReference section */
		0C55A738DA4B4B6DB4044542 /* ShortyApp.swift */ = {isa = PBXFileReference; lastKnownFileType = sourcecode.swift; path = ShortyApp.swift; sourceTree = "<group>"; };
		E43EE56C42ED44959BC54F8E /* DukeTheme.swift */ = {isa = PBXFileReference; lastKnownFileType = sourcecode.swift; path = DukeTheme.swift; sourceTree = "<group>"; };
		BA646B698BE3442DB0D924F7 /* Purpose.swift */ = {isa = PBXFileReference; lastKnownFileType = sourcecode.swift; path = Purpose.swift; sourceTree = "<group>"; };
		A72D6D7E1D674D4BBA76528E /* RentalOffer.swift */ = {isa = PBXFileReference; lastKnownFileType = sourcecode.swift; path = RentalOffer.swift; sourceTree = "<group>"; };
		2D5ED02A291041BFA807838C /* RoomStatus.swift */ = {isa = PBXFileReference; lastKnownFileType = sourcecode.swift; path = RoomStatus.swift; sourceTree = "<group>"; };
		1E20F57267E946AD825DFF2E /* ScheduleBlock.swift */ = {isa = PBXFileReference; lastKnownFileType = sourcecode.swift; path = ScheduleBlock.swift; sourceTree = "<group>"; };
		BA34B092C5E0438D9183E429 /* Profile.swift */ = {isa = PBXFileReference; lastKnownFileType = sourcecode.swift; path = Profile.swift; sourceTree = "<group>"; };
		40B71030586640EDB79EEDDB /* StandingArrangement.swift */ = {isa = PBXFileReference; lastKnownFileType = sourcecode.swift; path = StandingArrangement.swift; sourceTree = "<group>"; };
		A7471D5EDAA046339AEB12BE /* CloudKitManager.swift */ = {isa = PBXFileReference; lastKnownFileType = sourcecode.swift; path = CloudKitManager.swift; sourceTree = "<group>"; };
		E9E60888E7224306B14C6D9A /* CloudSharingView.swift */ = {isa = PBXFileReference; lastKnownFileType = sourcecode.swift; path = CloudSharingView.swift; sourceTree = "<group>"; };
		C80098EB4B6F4216A82DC764 /* OfferStore.swift */ = {isa = PBXFileReference; lastKnownFileType = sourcecode.swift; path = OfferStore.swift; sourceTree = "<group>"; };
		DD98C12212D94593AE700342 /* ScheduleStore.swift */ = {isa = PBXFileReference; lastKnownFileType = sourcecode.swift; path = ScheduleStore.swift; sourceTree = "<group>"; };
		8020A98766844C9EB34B7B0A /* ProfileStore.swift */ = {isa = PBXFileReference; lastKnownFileType = sourcecode.swift; path = ProfileStore.swift; sourceTree = "<group>"; };
		4ED7B0DCC68B4A3D8D52FDAF /* ScheduleImportService.swift */ = {isa = PBXFileReference; lastKnownFileType = sourcecode.swift; path = ScheduleImportService.swift; sourceTree = "<group>"; };
		C1878FB17E8745A38B7AE9D5 /* StandingArrangementStore.swift */ = {isa = PBXFileReference; lastKnownFileType = sourcecode.swift; path = StandingArrangementStore.swift; sourceTree = "<group>"; };
		2C6B62C71A164F058E616D35 /* NotificationService.swift */ = {isa = PBXFileReference; lastKnownFileType = sourcecode.swift; path = NotificationService.swift; sourceTree = "<group>"; };
		8F3137F626A64A1D98736A5F /* SubscriptionStore.swift */ = {isa = PBXFileReference; lastKnownFileType = sourcecode.swift; path = SubscriptionStore.swift; sourceTree = "<group>"; };
		A2FEF96D773A4BDE82F1FF05 /* Haptics.swift */ = {isa = PBXFileReference; lastKnownFileType = sourcecode.swift; path = Haptics.swift; sourceTree = "<group>"; };
		340EEF5BC3C14B4593A12433 /* ToastCenter.swift */ = {isa = PBXFileReference; lastKnownFileType = sourcecode.swift; path = ToastCenter.swift; sourceTree = "<group>"; };
		673690E4ED1B4BF69AFA392F /* RootView.swift */ = {isa = PBXFileReference; lastKnownFileType = sourcecode.swift; path = RootView.swift; sourceTree = "<group>"; };
		CCC0B0861FF44DB4A049FBD7 /* WelcomeView.swift */ = {isa = PBXFileReference; lastKnownFileType = sourcecode.swift; path = WelcomeView.swift; sourceTree = "<group>"; };
		B8404DFFF3AF42C4B42518D2 /* HomeView.swift */ = {isa = PBXFileReference; lastKnownFileType = sourcecode.swift; path = HomeView.swift; sourceTree = "<group>"; };
		1BF6931B30DF4C988B8FD5D5 /* RoomStatusCard.swift */ = {isa = PBXFileReference; lastKnownFileType = sourcecode.swift; path = RoomStatusCard.swift; sourceTree = "<group>"; };
		8F2A083E03D04F1992FC4EB9 /* CountdownTimerView.swift */ = {isa = PBXFileReference; lastKnownFileType = sourcecode.swift; path = CountdownTimerView.swift; sourceTree = "<group>"; };
		CCD306244F5A45B890807F59 /* NewOfferView.swift */ = {isa = PBXFileReference; lastKnownFileType = sourcecode.swift; path = NewOfferView.swift; sourceTree = "<group>"; };
		E7C86BFEF6C0497F8B2A3CEA /* OfferDetailView.swift */ = {isa = PBXFileReference; lastKnownFileType = sourcecode.swift; path = OfferDetailView.swift; sourceTree = "<group>"; };
		EB2B9F65DFDE4A8EBAF6D26B /* OfferRowView.swift */ = {isa = PBXFileReference; lastKnownFileType = sourcecode.swift; path = OfferRowView.swift; sourceTree = "<group>"; };
		C18D3B620396438AA37C307E /* OffersListView.swift */ = {isa = PBXFileReference; lastKnownFileType = sourcecode.swift; path = OffersListView.swift; sourceTree = "<group>"; };
		282E4F252D7749E0B4D7D091 /* ScheduleView.swift */ = {isa = PBXFileReference; lastKnownFileType = sourcecode.swift; path = ScheduleView.swift; sourceTree = "<group>"; };
		D9A31F16153542D2BD36227F /* AddScheduleBlockView.swift */ = {isa = PBXFileReference; lastKnownFileType = sourcecode.swift; path = AddScheduleBlockView.swift; sourceTree = "<group>"; };
		0547BA45E50443CEAE13F934 /* CameraCaptureView.swift */ = {isa = PBXFileReference; lastKnownFileType = sourcecode.swift; path = CameraCaptureView.swift; sourceTree = "<group>"; };
		C05B0214922F4C589350D185 /* ImportScheduleView.swift */ = {isa = PBXFileReference; lastKnownFileType = sourcecode.swift; path = ImportScheduleView.swift; sourceTree = "<group>"; };
		0C90D4BB2947467F8E08CA7B /* ProposeStandingArrangementView.swift */ = {isa = PBXFileReference; lastKnownFileType = sourcecode.swift; path = ProposeStandingArrangementView.swift; sourceTree = "<group>"; };
		B8054CB0FCAF4322988936DC /* SettingsView.swift */ = {isa = PBXFileReference; lastKnownFileType = sourcecode.swift; path = SettingsView.swift; sourceTree = "<group>"; };
		D5D55450973947ABB5452415 /* HowItWorksView.swift */ = {isa = PBXFileReference; lastKnownFileType = sourcecode.swift; path = HowItWorksView.swift; sourceTree = "<group>"; };
		963ACFC0B1B9446E8B76C780 /* SubscriptionView.swift */ = {isa = PBXFileReference; lastKnownFileType = sourcecode.swift; path = SubscriptionView.swift; sourceTree = "<group>"; };
		F8E7CA6E2B8943A99D205BF6 /* PrimaryButton.swift */ = {isa = PBXFileReference; lastKnownFileType = sourcecode.swift; path = PrimaryButton.swift; sourceTree = "<group>"; };
		80DE82B38BDE4233A7EE953D /* PurposeChip.swift */ = {isa = PBXFileReference; lastKnownFileType = sourcecode.swift; path = PurposeChip.swift; sourceTree = "<group>"; };
		257EB7F4D9404E7C8B0A57DC /* SectionHeader.swift */ = {isa = PBXFileReference; lastKnownFileType = sourcecode.swift; path = SectionHeader.swift; sourceTree = "<group>"; };
		66940639DD364C53A878ED35 /* ToastModifier.swift */ = {isa = PBXFileReference; lastKnownFileType = sourcecode.swift; path = ToastModifier.swift; sourceTree = "<group>"; };
		FA6BBDA0C1334164935D6D86 /* Shorty.entitlements */ = {isa = PBXFileReference; lastKnownFileType = text.plist.entitlements; path = Shorty.entitlements; sourceTree = "<group>"; };
		2A9EF47563714783924571DF /* Assets.xcassets */ = {isa = PBXFileReference; lastKnownFileType = folder.assetcatalog; path = Assets.xcassets; sourceTree = "<group>"; };
		0FFBEFA86D35415A86264581 /* Shorty.app */ = {isa = PBXFileReference; explicitFileType = wrapper.application; includeInIndex = 0; path = Shorty.app; sourceTree = BUILT_PRODUCTS_DIR; };
/* End PBXFileReference section */

/* Begin PBXFrameworksBuildPhase section */
		F188BF71B3C54D2E88F19372 /* Frameworks */ = {
			isa = PBXFrameworksBuildPhase;
			buildActionMask = 2147483647;
			files = (
			);
			runOnlyForDeploymentPostprocessing = 0;
		};
/* End PBXFrameworksBuildPhase section */

/* Begin PBXGroup section */
		1548C7DF02464C0D84BD0ACF /* Theme */ = {
			isa = PBXGroup;
			children = (
				E43EE56C42ED44959BC54F8E /* DukeTheme.swift */,
			);
			path = "Theme";
			sourceTree = "<group>";
		};
		71E100FAE9B048DC85086379 /* Models */ = {
			isa = PBXGroup;
			children = (
				BA646B698BE3442DB0D924F7 /* Purpose.swift */,
				A72D6D7E1D674D4BBA76528E /* RentalOffer.swift */,
				2D5ED02A291041BFA807838C /* RoomStatus.swift */,
				1E20F57267E946AD825DFF2E /* ScheduleBlock.swift */,
				BA34B092C5E0438D9183E429 /* Profile.swift */,
				40B71030586640EDB79EEDDB /* StandingArrangement.swift */,
			);
			path = "Models";
			sourceTree = "<group>";
		};
		6B38E1217CE64BA08488907B /* Services */ = {
			isa = PBXGroup;
			children = (
				A7471D5EDAA046339AEB12BE /* CloudKitManager.swift */,
				E9E60888E7224306B14C6D9A /* CloudSharingView.swift */,
				C80098EB4B6F4216A82DC764 /* OfferStore.swift */,
				DD98C12212D94593AE700342 /* ScheduleStore.swift */,
				8020A98766844C9EB34B7B0A /* ProfileStore.swift */,
				4ED7B0DCC68B4A3D8D52FDAF /* ScheduleImportService.swift */,
				C1878FB17E8745A38B7AE9D5 /* StandingArrangementStore.swift */,
				2C6B62C71A164F058E616D35 /* NotificationService.swift */,
				8F3137F626A64A1D98736A5F /* SubscriptionStore.swift */,
				A2FEF96D773A4BDE82F1FF05 /* Haptics.swift */,
				340EEF5BC3C14B4593A12433 /* ToastCenter.swift */,
			);
			path = "Services";
			sourceTree = "<group>";
		};
		7A8F608E891949C68E780376 /* Onboarding */ = {
			isa = PBXGroup;
			children = (
				CCC0B0861FF44DB4A049FBD7 /* WelcomeView.swift */,
			);
			path = "Onboarding";
			sourceTree = "<group>";
		};
		6CE96759C6E74A49A683DEF0 /* Home */ = {
			isa = PBXGroup;
			children = (
				B8404DFFF3AF42C4B42518D2 /* HomeView.swift */,
				1BF6931B30DF4C988B8FD5D5 /* RoomStatusCard.swift */,
				8F2A083E03D04F1992FC4EB9 /* CountdownTimerView.swift */,
			);
			path = "Home";
			sourceTree = "<group>";
		};
		8483E42677A84EC69DC1C7EA /* Offers */ = {
			isa = PBXGroup;
			children = (
				CCD306244F5A45B890807F59 /* NewOfferView.swift */,
				E7C86BFEF6C0497F8B2A3CEA /* OfferDetailView.swift */,
				EB2B9F65DFDE4A8EBAF6D26B /* OfferRowView.swift */,
				C18D3B620396438AA37C307E /* OffersListView.swift */,
			);
			path = "Offers";
			sourceTree = "<group>";
		};
		E6AA43BC56E84EC3B848A7E0 /* Schedule */ = {
			isa = PBXGroup;
			children = (
				282E4F252D7749E0B4D7D091 /* ScheduleView.swift */,
				D9A31F16153542D2BD36227F /* AddScheduleBlockView.swift */,
				0547BA45E50443CEAE13F934 /* CameraCaptureView.swift */,
				C05B0214922F4C589350D185 /* ImportScheduleView.swift */,
				0C90D4BB2947467F8E08CA7B /* ProposeStandingArrangementView.swift */,
			);
			path = "Schedule";
			sourceTree = "<group>";
		};
		A5DA6B605FA44A33964A5085 /* Settings */ = {
			isa = PBXGroup;
			children = (
				B8054CB0FCAF4322988936DC /* SettingsView.swift */,
				D5D55450973947ABB5452415 /* HowItWorksView.swift */,
				963ACFC0B1B9446E8B76C780 /* SubscriptionView.swift */,
			);
			path = "Settings";
			sourceTree = "<group>";
		};
		27990B45A3044E6CA047B7BA /* Components */ = {
			isa = PBXGroup;
			children = (
				F8E7CA6E2B8943A99D205BF6 /* PrimaryButton.swift */,
				80DE82B38BDE4233A7EE953D /* PurposeChip.swift */,
				257EB7F4D9404E7C8B0A57DC /* SectionHeader.swift */,
				66940639DD364C53A878ED35 /* ToastModifier.swift */,
			);
			path = "Components";
			sourceTree = "<group>";
		};
		2EF2215A51754B08B4B1AA3B /* Views */ = {
			isa = PBXGroup;
			children = (
				673690E4ED1B4BF69AFA392F /* RootView.swift */,
				7A8F608E891949C68E780376 /* Onboarding */,
				6CE96759C6E74A49A683DEF0 /* Home */,
				8483E42677A84EC69DC1C7EA /* Offers */,
				E6AA43BC56E84EC3B848A7E0 /* Schedule */,
				A5DA6B605FA44A33964A5085 /* Settings */,
				27990B45A3044E6CA047B7BA /* Components */,
			);
			path = "Views";
			sourceTree = "<group>";
		};
		B39F63B680D048F8B3CDD890 /* Shorty */ = {
			isa = PBXGroup;
			children = (
				0C55A738DA4B4B6DB4044542 /* ShortyApp.swift */,
				1548C7DF02464C0D84BD0ACF /* Theme */,
				71E100FAE9B048DC85086379 /* Models */,
				6B38E1217CE64BA08488907B /* Services */,
				2EF2215A51754B08B4B1AA3B /* Views */,
				2A9EF47563714783924571DF /* Assets.xcassets */,
				FA6BBDA0C1334164935D6D86 /* Shorty.entitlements */,
			);
			path = "Shorty";
			sourceTree = "<group>";
		};
		ED0C4AA21D854D6DAAD705DE /* Products */ = {
			isa = PBXGroup;
			children = (
				0FFBEFA86D35415A86264581 /* Shorty.app */,
			);
			sourceTree = "<group>";
		};
		E75234879AA34441BDC11ECC /* Main */ = {
			isa = PBXGroup;
			children = (
				B39F63B680D048F8B3CDD890 /* Shorty */,
				ED0C4AA21D854D6DAAD705DE /* Products */,
			);
			sourceTree = "<group>";
		};
/* End PBXGroup section */

/* Begin PBXNativeTarget section */
		DAAB4F152AC64A49A1DAB092 /* Shorty */ = {
			isa = PBXNativeTarget;
			buildConfigurationList = BB9A475BE56449DFA9D7ACC0 /* Build configuration list for PBXNativeTarget "Shorty" */;
			buildPhases = (
				EE4B122B4BEC4C80A96F34EA /* Sources */,
				F188BF71B3C54D2E88F19372 /* Frameworks */,
				DEBEEA23D95F41BC87399E80 /* Resources */,
			);
			buildRules = (
			);
			dependencies = (
			);
			name = Shorty;
			productName = Shorty;
			productReference = 0FFBEFA86D35415A86264581 /* Shorty.app */;
			productType = "com.apple.product-type.application";
		};
/* End PBXNativeTarget section */

/* Begin PBXProject section */
		699A15C446274819A26B6DDD /* Project object */ = {
			isa = PBXProject;
			attributes = {
				BuildIndependentTargetsInParallel = 1;
				LastSwiftUpdateCheck = 1600;
				LastUpgradeCheck = 1600;
				TargetAttributes = {
					DAAB4F152AC64A49A1DAB092 = {
						CreatedOnToolsVersion = 16.0;
					};
				};
			};
			buildConfigurationList = 440F55012ABD4DDFB9E49CD8 /* Build configuration list for PBXProject "Shorty" */;
			compatibilityVersion = "Xcode 14.0";
			developmentRegion = en;
			hasScannedForEncodings = 0;
			knownRegions = (
				en,
				Base,
			);
			mainGroup = E75234879AA34441BDC11ECC;
			productRefGroup = ED0C4AA21D854D6DAAD705DE /* Products */;
			projectDirPath = "";
			projectRoot = "";
			targets = (
				DAAB4F152AC64A49A1DAB092 /* Shorty */,
			);
		};
/* End PBXProject section */

/* Begin PBXResourcesBuildPhase section */
		DEBEEA23D95F41BC87399E80 /* Resources */ = {
			isa = PBXResourcesBuildPhase;
			buildActionMask = 2147483647;
			files = (
				3A461C1EAF11419985CB9DC8 /* Assets.xcassets in Resources */,
			);
			runOnlyForDeploymentPostprocessing = 0;
		};
/* End PBXResourcesBuildPhase section */

/* Begin PBXSourcesBuildPhase section */
		EE4B122B4BEC4C80A96F34EA /* Sources */ = {
			isa = PBXSourcesBuildPhase;
			buildActionMask = 2147483647;
			files = (
				AD48EBC0691949319F48015C /* ShortyApp.swift in Sources */,
				5C030EDA86E44D81A79DFD4D /* DukeTheme.swift in Sources */,
				0AF90C55386E46198E55682E /* Purpose.swift in Sources */,
				87F0FDB739814AE98FBF32AB /* RentalOffer.swift in Sources */,
				225D07EA4677470DB18BB08D /* RoomStatus.swift in Sources */,
				D9B12EBC5D5F4643AC24837E /* ScheduleBlock.swift in Sources */,
				EA77F493AF904444970B3BBE /* Profile.swift in Sources */,
				115F5022FA1B44ADADB65EF4 /* StandingArrangement.swift in Sources */,
				6EEA52CE34E644A7B0E7EAE1 /* CloudKitManager.swift in Sources */,
				070AB9E0C5E045C1B4F9383F /* CloudSharingView.swift in Sources */,
				8F502701DA6D4465A9753008 /* OfferStore.swift in Sources */,
				8FFA32EA320B4DE28B6D0EED /* ScheduleStore.swift in Sources */,
				C6889213307444219FDD61CD /* ProfileStore.swift in Sources */,
				9D8490734D554555A4000CB1 /* ScheduleImportService.swift in Sources */,
				AD0FFDB3E237494593CE1D69 /* StandingArrangementStore.swift in Sources */,
				6DEAC02AAF4A4A6FBD18FBC7 /* NotificationService.swift in Sources */,
				9096933C9F9A400B8357E8D6 /* SubscriptionStore.swift in Sources */,
				667C071B790D40D9BF16D928 /* Haptics.swift in Sources */,
				9FABEFC84A9C4CF98932369D /* ToastCenter.swift in Sources */,
				30786432D333404C86D486E3 /* RootView.swift in Sources */,
				F13E444842AF40A78EBFB379 /* WelcomeView.swift in Sources */,
				BE8151CEEFBC4CB2BA835CBE /* HomeView.swift in Sources */,
				97B258D245E5413BA3516C0E /* RoomStatusCard.swift in Sources */,
				37579A201C4D4E2DA95FCFBB /* CountdownTimerView.swift in Sources */,
				D09EBAC9EDEC4B73AAFC109A /* NewOfferView.swift in Sources */,
				C073B1C4FA934171A88D1C2B /* OfferDetailView.swift in Sources */,
				42D187861F2A464CBB9C845D /* OfferRowView.swift in Sources */,
				90499AA244624F2BB949DC35 /* OffersListView.swift in Sources */,
				6E8F769FEB1C4686B046B221 /* ScheduleView.swift in Sources */,
				0FA665E0092445D494A15255 /* AddScheduleBlockView.swift in Sources */,
				BD8488864D274095AC0CDA0F /* CameraCaptureView.swift in Sources */,
				82911EE9E6E84B4DA5CAC5DE /* ImportScheduleView.swift in Sources */,
				3B2D0305CDC54D108B00DBAE /* ProposeStandingArrangementView.swift in Sources */,
				AE37AAEF7F0E492081DB34D0 /* SettingsView.swift in Sources */,
				2B1650815D354292A85F0262 /* HowItWorksView.swift in Sources */,
				714ECB9F9BED43FA8BD6607F /* SubscriptionView.swift in Sources */,
				017B1B3DC14E48BA900947BD /* PrimaryButton.swift in Sources */,
				AAABD741EEEB4A09978982FB /* PurposeChip.swift in Sources */,
				F599BF5BC4EB438E9C69E8F9 /* SectionHeader.swift in Sources */,
				AFBE6D80F09B4B5EBB1F9831 /* ToastModifier.swift in Sources */,
			);
			runOnlyForDeploymentPostprocessing = 0;
		};
/* End PBXSourcesBuildPhase section */

/* Begin XCBuildConfiguration section */
		09CB98E4ACD2433086BB0A2C /* Debug */ = {
			isa = XCBuildConfiguration;
			buildSettings = {
				ALWAYS_SEARCH_USER_PATHS = NO;
				CLANG_ANALYZER_NONNULL = YES;
				CLANG_ANALYZER_NUMBER_OBJECT_CONVERSION = YES_AGGRESSIVE;
				CLANG_CXX_LANGUAGE_STANDARD = "gnu++20";
				CLANG_ENABLE_MODULES = YES;
				CLANG_ENABLE_OBJC_ARC = YES;
				CLANG_ENABLE_OBJC_WEAK = YES;
				CLANG_WARN_BLOCK_CAPTURE_AUTORELEASING = YES;
				CLANG_WARN_BOOL_CONVERSION = YES;
				CLANG_WARN_COMMA = YES;
				CLANG_WARN_CONSTANT_CONVERSION = YES;
				CLANG_WARN_DEPRECATED_OBJC_IMPLEMENTATIONS = YES;
				CLANG_WARN_DIRECT_OBJC_ISA_USAGE = YES_ERROR;
				CLANG_WARN_DOCUMENTATION_COMMENTS = YES;
				CLANG_WARN_EMPTY_BODY = YES;
				CLANG_WARN_ENUM_CONVERSION = YES;
				CLANG_WARN_INFINITE_RECURSION = YES;
				CLANG_WARN_INT_CONVERSION = YES;
				CLANG_WARN_NON_LITERAL_NULL_CONVERSION = YES;
				CLANG_WARN_OBJC_IMPLICIT_RETAIN_SELF = YES;
				CLANG_WARN_OBJC_LITERAL_CONVERSION = YES;
				CLANG_WARN_OBJC_ROOT_CLASS = YES_ERROR;
				CLANG_WARN_QUOTED_INCLUDE_IN_FRAMEWORK_HEADER = YES;
				CLANG_WARN_RANGE_LOOP_ANALYSIS = YES;
				CLANG_WARN_STRICT_PROTOTYPES = YES;
				CLANG_WARN_SUSPICIOUS_MOVE = YES;
				CLANG_WARN_UNGUARDED_AVAILABILITY = YES_AGGRESSIVE;
				CLANG_WARN_UNREACHABLE_CODE = YES;
				CLANG_WARN__DUPLICATE_METHOD_MATCH = YES;
				COPY_PHASE_STRIP = NO;
				DEBUG_INFORMATION_FORMAT = dwarf;
				ENABLE_STRICT_OBJC_MSGSEND = YES;
				ENABLE_TESTABILITY = YES;
				ENABLE_USER_SCRIPT_SANDBOXING = YES;
				GCC_C_LANGUAGE_STANDARD = gnu17;
				GCC_DYNAMIC_NO_PIC = NO;
				GCC_NO_COMMON_BLOCKS = YES;
				GCC_OPTIMIZATION_LEVEL = 0;
				GCC_PREPROCESSOR_DEFINITIONS = (
					"DEBUG=1",
					"$(inherited)",
				);
				GCC_WARN_64_TO_32_BIT_CONVERSION = YES;
				GCC_WARN_ABOUT_RETURN_TYPE = YES_ERROR;
				GCC_WARN_UNDECLARED_SELECTOR = YES;
				GCC_WARN_UNINITIALIZED_AUTOS = YES_AGGRESSIVE;
				GCC_WARN_UNUSED_FUNCTION = YES;
				GCC_WARN_UNUSED_VARIABLE = YES;
				IPHONEOS_DEPLOYMENT_TARGET = 17.0;
				MTL_ENABLE_DEBUG_INFO = INCLUDE_SOURCE;
				MTL_FAST_MATH = YES;
				ONLY_ACTIVE_ARCH = YES;
				SDKROOT = iphoneos;
				SWIFT_ACTIVE_COMPILATION_CONDITIONS = "DEBUG $(inherited)";
				SWIFT_OPTIMIZATION_LEVEL = "-Onone";
			};
			name = Debug;
		};
		EA13BB8B5A014EF4852CF1E8 /* Release */ = {
			isa = XCBuildConfiguration;
			buildSettings = {
				ALWAYS_SEARCH_USER_PATHS = NO;
				CLANG_ANALYZER_NONNULL = YES;
				CLANG_ANALYZER_NUMBER_OBJECT_CONVERSION = YES_AGGRESSIVE;
				CLANG_CXX_LANGUAGE_STANDARD = "gnu++20";
				CLANG_ENABLE_MODULES = YES;
				CLANG_ENABLE_OBJC_ARC = YES;
				CLANG_ENABLE_OBJC_WEAK = YES;
				CLANG_WARN_BLOCK_CAPTURE_AUTORELEASING = YES;
				CLANG_WARN_BOOL_CONVERSION = YES;
				CLANG_WARN_COMMA = YES;
				CLANG_WARN_CONSTANT_CONVERSION = YES;
				CLANG_WARN_DEPRECATED_OBJC_IMPLEMENTATIONS = YES;
				CLANG_WARN_DIRECT_OBJC_ISA_USAGE = YES_ERROR;
				CLANG_WARN_DOCUMENTATION_COMMENTS = YES;
				CLANG_WARN_EMPTY_BODY = YES;
				CLANG_WARN_ENUM_CONVERSION = YES;
				CLANG_WARN_INFINITE_RECURSION = YES;
				CLANG_WARN_INT_CONVERSION = YES;
				CLANG_WARN_NON_LITERAL_NULL_CONVERSION = YES;
				CLANG_WARN_OBJC_IMPLICIT_RETAIN_SELF = YES;
				CLANG_WARN_OBJC_LITERAL_CONVERSION = YES;
				CLANG_WARN_OBJC_ROOT_CLASS = YES_ERROR;
				CLANG_WARN_QUOTED_INCLUDE_IN_FRAMEWORK_HEADER = YES;
				CLANG_WARN_RANGE_LOOP_ANALYSIS = YES;
				CLANG_WARN_STRICT_PROTOTYPES = YES;
				CLANG_WARN_SUSPICIOUS_MOVE = YES;
				CLANG_WARN_UNGUARDED_AVAILABILITY = YES_AGGRESSIVE;
				CLANG_WARN_UNREACHABLE_CODE = YES;
				CLANG_WARN__DUPLICATE_METHOD_MATCH = YES;
				COPY_PHASE_STRIP = NO;
				DEBUG_INFORMATION_FORMAT = "dwarf-with-dsym";
				ENABLE_NS_ASSERTIONS = NO;
				ENABLE_STRICT_OBJC_MSGSEND = YES;
				ENABLE_USER_SCRIPT_SANDBOXING = YES;
				GCC_C_LANGUAGE_STANDARD = gnu17;
				GCC_NO_COMMON_BLOCKS = YES;
				GCC_WARN_64_TO_32_BIT_CONVERSION = YES;
				GCC_WARN_ABOUT_RETURN_TYPE = YES_ERROR;
				GCC_WARN_UNDECLARED_SELECTOR = YES;
				GCC_WARN_UNINITIALIZED_AUTOS = YES_AGGRESSIVE;
				GCC_WARN_UNUSED_FUNCTION = YES;
				GCC_WARN_UNUSED_VARIABLE = YES;
				IPHONEOS_DEPLOYMENT_TARGET = 17.0;
				MTL_ENABLE_DEBUG_INFO = NO;
				MTL_FAST_MATH = YES;
				SDKROOT = iphoneos;
				SWIFT_COMPILATION_MODE = wholemodule;
				VALIDATE_PRODUCT = YES;
			};
			name = Release;
		};
		FFCFFD7A3EC244C6904E372E /* Debug */ = {
			isa = XCBuildConfiguration;
			buildSettings = {
				ASSETCATALOG_COMPILER_APPICON_NAME = AppIcon;
				ASSETCATALOG_COMPILER_GLOBAL_ACCENT_COLOR_NAME = AccentColor;
				CODE_SIGN_ENTITLEMENTS = Shorty/Shorty.entitlements;
				CODE_SIGN_STYLE = Automatic;
				CURRENT_PROJECT_VERSION = 1;
				DEVELOPMENT_TEAM = "";
				GENERATE_INFOPLIST_FILE = YES;
				INFOPLIST_KEY_CFBundleDisplayName = Shorty;
				INFOPLIST_KEY_CKSharingSupported = YES;
				INFOPLIST_KEY_NSCameraUsageDescription = "Shorty uses your camera to scan a photo of your class schedule so your roommate can see when you're around.";
				INFOPLIST_KEY_UIApplicationSceneManifest_Generation = YES;
				INFOPLIST_KEY_UILaunchScreen_Generation = YES;
				INFOPLIST_KEY_UISupportedInterfaceOrientations = UIInterfaceOrientationPortrait;
				INFOPLIST_KEY_UISupportedInterfaceOrientations_iPad = "UIInterfaceOrientationPortrait UIInterfaceOrientationPortraitUpsideDown UIInterfaceOrientationLandscapeLeft UIInterfaceOrientationLandscapeRight";
				IPHONEOS_DEPLOYMENT_TARGET = 17.0;
				MARKETING_VERSION = 1.0;
				PRODUCT_BUNDLE_IDENTIFIER = com.fdonoghue.shorty;
				PRODUCT_NAME = "$(TARGET_NAME)";
				SWIFT_EMIT_LOC_STRINGS = YES;
				SWIFT_VERSION = 5.0;
				TARGETED_DEVICE_FAMILY = "1,2";
				SWIFT_ACTIVE_COMPILATION_CONDITIONS = "DEBUG $(inherited)";
				SWIFT_OPTIMIZATION_LEVEL = "-Onone";
			};
			name = Debug;
		};
		AC335E4385C64B7DA2C52CDE /* Release */ = {
			isa = XCBuildConfiguration;
			buildSettings = {
				ASSETCATALOG_COMPILER_APPICON_NAME = AppIcon;
				ASSETCATALOG_COMPILER_GLOBAL_ACCENT_COLOR_NAME = AccentColor;
				CODE_SIGN_ENTITLEMENTS = Shorty/Shorty.entitlements;
				CODE_SIGN_STYLE = Automatic;
				CURRENT_PROJECT_VERSION = 1;
				DEVELOPMENT_TEAM = "";
				GENERATE_INFOPLIST_FILE = YES;
				INFOPLIST_KEY_CFBundleDisplayName = Shorty;
				INFOPLIST_KEY_CKSharingSupported = YES;
				INFOPLIST_KEY_NSCameraUsageDescription = "Shorty uses your camera to scan a photo of your class schedule so your roommate can see when you're around.";
				INFOPLIST_KEY_UIApplicationSceneManifest_Generation = YES;
				INFOPLIST_KEY_UILaunchScreen_Generation = YES;
				INFOPLIST_KEY_UISupportedInterfaceOrientations = UIInterfaceOrientationPortrait;
				INFOPLIST_KEY_UISupportedInterfaceOrientations_iPad = "UIInterfaceOrientationPortrait UIInterfaceOrientationPortraitUpsideDown UIInterfaceOrientationLandscapeLeft UIInterfaceOrientationLandscapeRight";
				IPHONEOS_DEPLOYMENT_TARGET = 17.0;
				MARKETING_VERSION = 1.0;
				PRODUCT_BUNDLE_IDENTIFIER = com.fdonoghue.shorty;
				PRODUCT_NAME = "$(TARGET_NAME)";
				SWIFT_EMIT_LOC_STRINGS = YES;
				SWIFT_VERSION = 5.0;
				TARGETED_DEVICE_FAMILY = "1,2";
			};
			name = Release;
		};
/* End XCBuildConfiguration section */

/* Begin XCConfigurationList section */
		440F55012ABD4DDFB9E49CD8 /* Build configuration list for PBXProject "Shorty" */ = {
			isa = XCConfigurationList;
			buildConfigurations = (
				09CB98E4ACD2433086BB0A2C /* Debug */,
				EA13BB8B5A014EF4852CF1E8 /* Release */,
			);
			defaultConfigurationIsVisible = 0;
			defaultConfigurationName = Release;
		};
		BB9A475BE56449DFA9D7ACC0 /* Build configuration list for PBXNativeTarget "Shorty" */ = {
			isa = XCConfigurationList;
			buildConfigurations = (
				FFCFFD7A3EC244C6904E372E /* Debug */,
				AC335E4385C64B7DA2C52CDE /* Release */,
			);
			defaultConfigurationIsVisible = 0;
			defaultConfigurationName = Release;
		};
/* End XCConfigurationList section */

	};
	rootObject = 699A15C446274819A26B6DDD /* Project object */;
}
